// !$*UTF8*$!
{
	archiveVersion = 1;
	classes = {
	};
	objectVersion = 46;
	objects = {

/* Begin PBXBuildFile section */
		0921EE2E1DDFE986006955C6 /* VpnManager.swift in Sources */ = {isa = PBXBuildFile; fileRef = 0921EE2D1DDFE986006955C6 /* VpnManager.swift */; };
		0921EE341DDFF8F6006955C6 /* Notifications.swift in Sources */ = {isa = PBXBuildFile; fileRef = 0921EE331DDFF8F6006955C6 /* Notifications.swift */; };
		09549AC41DDF3B4A000F198C /* PacketTunnelProvider.swift in Sources */ = {isa = PBXBuildFile; fileRef = 09549AC31DDF3B4A000F198C /* PacketTunnelProvider.swift */; };
		09549AC81DDF3B4A000F198C /* PacketTunnel.appex in Embed App Extensions */ = {isa = PBXBuildFile; fileRef = 09549ABF1DDF3B49000F198C /* PacketTunnel.appex */; settings = {ATTRIBUTES = (RemoveHeadersOnCopy, ); }; };
		09549ACF1DDF3C0E000F198C /* NetworkExtension.framework in Frameworks */ = {isa = PBXBuildFile; fileRef = 09549ACE1DDF3C0E000F198C /* NetworkExtension.framework */; };
		09549AD01DDF3C2F000F198C /* NetworkExtension.framework in Frameworks */ = {isa = PBXBuildFile; fileRef = 09549ACE1DDF3C0E000F198C /* NetworkExtension.framework */; };
		09549ADC1DDF406B000F198C /* CocoaAsyncSocket.framework in Frameworks */ = {isa = PBXBuildFile; fileRef = 09549AD21DDF406B000F198C /* CocoaAsyncSocket.framework */; };
		09549ADD1DDF406B000F198C /* CocoaLumberjack.framework in Frameworks */ = {isa = PBXBuildFile; fileRef = 09549AD31DDF406B000F198C /* CocoaLumberjack.framework */; };
		09549ADE1DDF406B000F198C /* CocoaLumberjackSwift.framework in Frameworks */ = {isa = PBXBuildFile; fileRef = 09549AD41DDF406B000F198C /* CocoaLumberjackSwift.framework */; };
		09549AE01DDF406B000F198C /* lwip.framework in Frameworks */ = {isa = PBXBuildFile; fileRef = 09549AD61DDF406B000F198C /* lwip.framework */; };
		09549AE11DDF406B000F198C /* MMDB.framework in Frameworks */ = {isa = PBXBuildFile; fileRef = 09549AD71DDF406B000F198C /* MMDB.framework */; };
		09549AE31DDF406B000F198C /* Sodium.framework in Frameworks */ = {isa = PBXBuildFile; fileRef = 09549AD91DDF406B000F198C /* Sodium.framework */; };
		09549AE41DDF406B000F198C /* tun2socks.framework in Frameworks */ = {isa = PBXBuildFile; fileRef = 09549ADA1DDF406B000F198C /* tun2socks.framework */; };
		09549AE51DDF406B000F198C /* Yaml.framework in Frameworks */ = {isa = PBXBuildFile; fileRef = 09549ADB1DDF406B000F198C /* Yaml.framework */; };
		0970F9371DE0039F003391DF /* UIView+CornerRadius.swift in Sources */ = {isa = PBXBuildFile; fileRef = 0970F9361DE0039F003391DF /* UIView+CornerRadius.swift */; };
		09A5AD2D1DE0573A00272F7C /* NEKitRule.conf in Resources */ = {isa = PBXBuildFile; fileRef = 09A5AD2C1DE0573A00272F7C /* NEKitRule.conf */; };
		09E3FB5B1DF859E0001DE158 /* Resolver.framework in Frameworks */ = {isa = PBXBuildFile; fileRef = 09E3FB5A1DF859E0001DE158 /* Resolver.framework */; };
		353C0FDC1DDF393F00A46EBD /* AppDelegate.swift in Sources */ = {isa = PBXBuildFile; fileRef = 353C0FDB1DDF393F00A46EBD /* AppDelegate.swift */; };
		353C0FDE1DDF393F00A46EBD /* HomeViewController.swift in Sources */ = {isa = PBXBuildFile; fileRef = 353C0FDD1DDF393F00A46EBD /* HomeViewController.swift */; };
		353C0FE11DDF393F00A46EBD /* Main.storyboard in Resources */ = {isa = PBXBuildFile; fileRef = 353C0FDF1DDF393F00A46EBD /* Main.storyboard */; };
		353C0FE31DDF393F00A46EBD /* Assets.xcassets in Resources */ = {isa = PBXBuildFile; fileRef = 353C0FE21DDF393F00A46EBD /* Assets.xcassets */; };
		353C0FE61DDF393F00A46EBD /* LaunchScreen.storyboard in Resources */ = {isa = PBXBuildFile; fileRef = 353C0FE41DDF393F00A46EBD /* LaunchScreen.storyboard */; };
		8E760F11213789C200663739 /* GeoIP.swift in Sources */ = {isa = PBXBuildFile; fileRef = 8E760E95213789C100663739 /* GeoIP.swift */; };
		8E760F12213789C200663739 /* GlobalIntializer.swift in Sources */ = {isa = PBXBuildFile; fileRef = 8E760E96213789C100663739 /* GlobalIntializer.swift */; };
		8E760F13213789C200663739 /* ResponseGenerator.swift in Sources */ = {isa = PBXBuildFile; fileRef = 8E760E97213789C100663739 /* ResponseGenerator.swift */; };
		8E760F14213789C200663739 /* CCCrypto.swift in Sources */ = {isa = PBXBuildFile; fileRef = 8E760E99213789C100663739 /* CCCrypto.swift */; };
		8E760F15213789C200663739 /* CryptoEnum.swift in Sources */ = {isa = PBXBuildFile; fileRef = 8E760E9A213789C100663739 /* CryptoEnum.swift */; };
		8E760F16213789C200663739 /* CryptoHelper.swift in Sources */ = {isa = PBXBuildFile; fileRef = 8E760E9B213789C100663739 /* CryptoHelper.swift */; };
		8E760F17213789C200663739 /* HMAC.swift in Sources */ = {isa = PBXBuildFile; fileRef = 8E760E9C213789C100663739 /* HMAC.swift */; };
		8E760F18213789C200663739 /* Libsodium.swift in Sources */ = {isa = PBXBuildFile; fileRef = 8E760E9D213789C100663739 /* Libsodium.swift */; };
		8E760F19213789C200663739 /* MD5Hash.swift in Sources */ = {isa = PBXBuildFile; fileRef = 8E760E9E213789C100663739 /* MD5Hash.swift */; };
		8E760F1A213789C200663739 /* SodiumStreamCrypto.swift in Sources */ = {isa = PBXBuildFile; fileRef = 8E760E9F213789C100663739 /* SodiumStreamCrypto.swift */; };
		8E760F1B213789C200663739 /* StreamCryptoProtocol.swift in Sources */ = {isa = PBXBuildFile; fileRef = 8E760EA0213789C100663739 /* StreamCryptoProtocol.swift */; };
		8E760F1C213789C200663739 /* AdapterFactoryParser.swift in Sources */ = {isa = PBXBuildFile; fileRef = 8E760EA2213789C100663739 /* AdapterFactoryParser.swift */; };
		8E760F1D213789C200663739 /* Configuration.swift in Sources */ = {isa = PBXBuildFile; fileRef = 8E760EA3213789C100663739 /* Configuration.swift */; };
		8E760F1E213789C200663739 /* RuleParser.swift in Sources */ = {isa = PBXBuildFile; fileRef = 8E760EA4213789C100663739 /* RuleParser.swift */; };
		8E760F1F213789C200663739 /* ConnectSession.swift in Sources */ = {isa = PBXBuildFile; fileRef = 8E760EA6213789C100663739 /* ConnectSession.swift */; };
		8E760F20213789C200663739 /* HTTPHeader.swift in Sources */ = {isa = PBXBuildFile; fileRef = 8E760EA7213789C100663739 /* HTTPHeader.swift */; };
		8E760F21213789C200663739 /* GCDHTTPProxyServer.swift in Sources */ = {isa = PBXBuildFile; fileRef = 8E760EA9213789C100663739 /* GCDHTTPProxyServer.swift */; };
		8E760F22213789C200663739 /* GCDProxyServer.swift in Sources */ = {isa = PBXBuildFile; fileRef = 8E760EAA213789C100663739 /* GCDProxyServer.swift */; };
		8E760F23213789C200663739 /* GCDSOCKS5ProxyServer.swift in Sources */ = {isa = PBXBuildFile; fileRef = 8E760EAB213789C100663739 /* GCDSOCKS5ProxyServer.swift */; };
		8E760F24213789C200663739 /* ProxyServer.swift in Sources */ = {isa = PBXBuildFile; fileRef = 8E760EAC213789C100663739 /* ProxyServer.swift */; };
		8E760F25213789C200663739 /* ResponseGeneratorFactory.swift in Sources */ = {isa = PBXBuildFile; fileRef = 8E760EAD213789C200663739 /* ResponseGeneratorFactory.swift */; };
		8E760F26213789C200663739 /* AllRule.swift in Sources */ = {isa = PBXBuildFile; fileRef = 8E760EAF213789C200663739 /* AllRule.swift */; };
		8E760F27213789C200663739 /* CountryRule.swift in Sources */ = {isa = PBXBuildFile; fileRef = 8E760EB0213789C200663739 /* CountryRule.swift */; };
		8E760F28213789C200663739 /* DirectRule.swift in Sources */ = {isa = PBXBuildFile; fileRef = 8E760EB1213789C200663739 /* DirectRule.swift */; };
		8E760F29213789C200663739 /* DNSFailRule.swift in Sources */ = {isa = PBXBuildFile; fileRef = 8E760EB2213789C200663739 /* DNSFailRule.swift */; };
		8E760F2A213789C200663739 /* DNSSessionMatchResult.swift in Sources */ = {isa = PBXBuildFile; fileRef = 8E760EB3213789C200663739 /* DNSSessionMatchResult.swift */; };
		8E760F2B213789C200663739 /* DNSSessionMatchType.swift in Sources */ = {isa = PBXBuildFile; fileRef = 8E760EB4213789C200663739 /* DNSSessionMatchType.swift */; };
		8E760F2C213789C200663739 /* DomainListRule.swift in Sources */ = {isa = PBXBuildFile; fileRef = 8E760EB5213789C200663739 /* DomainListRule.swift */; };
		8E760F2D213789C200663739 /* IPRangeListRule.swift in Sources */ = {isa = PBXBuildFile; fileRef = 8E760EB6213789C200663739 /* IPRangeListRule.swift */; };
		8E760F2E213789C200663739 /* Rule.swift in Sources */ = {isa = PBXBuildFile; fileRef = 8E760EB7213789C200663739 /* Rule.swift */; };
		8E760F2F213789C200663739 /* RuleManager.swift in Sources */ = {isa = PBXBuildFile; fileRef = 8E760EB8213789C200663739 /* RuleManager.swift */; };
		8E760F30213789C200663739 /* QueueFactory.swift in Sources */ = {isa = PBXBuildFile; fileRef = 8E760EBA213789C200663739 /* QueueFactory.swift */; };
		8E760F31213789C200663739 /* Tunnel.swift in Sources */ = {isa = PBXBuildFile; fileRef = 8E760EBB213789C200663739 /* Tunnel.swift */; };
		8E760F32213789C200663739 /* Opt.swift in Sources */ = {isa = PBXBuildFile; fileRef = 8E760EBC213789C200663739 /* Opt.swift */; };
		8E760F33213789C200663739 /* DNSEnums.swift in Sources */ = {isa = PBXBuildFile; fileRef = 8E760EBF213789C200663739 /* DNSEnums.swift */; };
		8E760F34213789C200663739 /* DNSMessage.swift in Sources */ = {isa = PBXBuildFile; fileRef = 8E760EC0213789C200663739 /* DNSMessage.swift */; };
		8E760F35213789C200663739 /* DNSResolver.swift in Sources */ = {isa = PBXBuildFile; fileRef = 8E760EC1213789C200663739 /* DNSResolver.swift */; };
		8E760F36213789C200663739 /* DNSServer.swift in Sources */ = {isa = PBXBuildFile; fileRef = 8E760EC2213789C200663739 /* DNSServer.swift */; };
		8E760F37213789C200663739 /* DNSSession.swift in Sources */ = {isa = PBXBuildFile; fileRef = 8E760EC3213789C200663739 /* DNSSession.swift */; };
		8E760F38213789C200663739 /* IPStackProtocol.swift in Sources */ = {isa = PBXBuildFile; fileRef = 8E760EC4213789C200663739 /* IPStackProtocol.swift */; };
		8E760F3A213789C200663739 /* IPPacket.swift in Sources */ = {isa = PBXBuildFile; fileRef = 8E760EC7213789C200663739 /* IPPacket.swift */; };
		8E760F3B213789C200663739 /* PacketProtocolParser.swift in Sources */ = {isa = PBXBuildFile; fileRef = 8E760EC8213789C200663739 /* PacketProtocolParser.swift */; };
		8E760F3E213789C200663739 /* TCPStack.swift in Sources */ = {isa = PBXBuildFile; fileRef = 8E760ECB213789C200663739 /* TCPStack.swift */; };
		8E760F3F213789C200663739 /* TUNInterface.swift in Sources */ = {isa = PBXBuildFile; fileRef = 8E760ECC213789C200663739 /* TUNInterface.swift */; };
		8E760F40213789C200663739 /* UDPDirectStack.swift in Sources */ = {isa = PBXBuildFile; fileRef = 8E760ECD213789C200663739 /* UDPDirectStack.swift */; };
		8E760F41213789C200663739 /* GCDTCPSocket.swift in Sources */ = {isa = PBXBuildFile; fileRef = 8E760ECF213789C200663739 /* GCDTCPSocket.swift */; };
		8E760F42213789C200663739 /* NWTCPSocket.swift in Sources */ = {isa = PBXBuildFile; fileRef = 8E760ED0213789C200663739 /* NWTCPSocket.swift */; };
		8E760F43213789C200663739 /* NWUDPSocket.swift in Sources */ = {isa = PBXBuildFile; fileRef = 8E760ED1213789C200663739 /* NWUDPSocket.swift */; };
		8E760F44213789C200663739 /* RawSocketFactory.swift in Sources */ = {isa = PBXBuildFile; fileRef = 8E760ED2213789C200663739 /* RawSocketFactory.swift */; };
		8E760F45213789C200663739 /* RawTCPSocketProtocol.swift in Sources */ = {isa = PBXBuildFile; fileRef = 8E760ED3213789C200663739 /* RawTCPSocketProtocol.swift */; };
		8E760F46213789C200663739 /* TUNTCPSocket.swift in Sources */ = {isa = PBXBuildFile; fileRef = 8E760ED4213789C200663739 /* TUNTCPSocket.swift */; };
		8E760F47213789C200663739 /* Atomic.swift in Sources */ = {isa = PBXBuildFile; fileRef = 8E760ED6213789C200663739 /* Atomic.swift */; };
		8E760F48213789C200663739 /* BinaryDataScanner.swift in Sources */ = {isa = PBXBuildFile; fileRef = 8E760ED7213789C200663739 /* BinaryDataScanner.swift */; };
		8E760F49213789C200663739 /* Buffer.swift in Sources */ = {isa = PBXBuildFile; fileRef = 8E760ED8213789C200663739 /* Buffer.swift */; };
		8E760F4A213789C200663739 /* Checksum.swift in Sources */ = {isa = PBXBuildFile; fileRef = 8E760ED9213789C200663739 /* Checksum.swift */; };
		8E760F4B213789C200663739 /* Data.swift in Sources */ = {isa = PBXBuildFile; fileRef = 8E760EDA213789C200663739 /* Data.swift */; };
		8E760F4C213789C200663739 /* HTTPAuthentication.swift in Sources */ = {isa = PBXBuildFile; fileRef = 8E760EDB213789C200663739 /* HTTPAuthentication.swift */; };
		8E760F4D213789C200663739 /* HTTPStreamScanner.swift in Sources */ = {isa = PBXBuildFile; fileRef = 8E760EDC213789C200663739 /* HTTPStreamScanner.swift */; };
		8E760F4E213789C200663739 /* HTTPURL.swift in Sources */ = {isa = PBXBuildFile; fileRef = 8E760EDD213789C200663739 /* HTTPURL.swift */; };
		8E760F4F213789C200663739 /* IPAddress.swift in Sources */ = {isa = PBXBuildFile; fileRef = 8E760EDE213789C200663739 /* IPAddress.swift */; };
		8E760F50213789C200663739 /* IPInterval.swift in Sources */ = {isa = PBXBuildFile; fileRef = 8E760EDF213789C200663739 /* IPInterval.swift */; };
		8E760F51213789C200663739 /* IPMask.swift in Sources */ = {isa = PBXBuildFile; fileRef = 8E760EE0213789C200663739 /* IPMask.swift */; };
		8E760F52213789C200663739 /* IPPool.swift in Sources */ = {isa = PBXBuildFile; fileRef = 8E760EE1213789C200663739 /* IPPool.swift */; };
		8E760F53213789C200663739 /* IPRange.swift in Sources */ = {isa = PBXBuildFile; fileRef = 8E760EE2213789C200663739 /* IPRange.swift */; };
		8E760F54213789C200663739 /* Port.swift in Sources */ = {isa = PBXBuildFile; fileRef = 8E760EE3213789C200663739 /* Port.swift */; };
		8E760F55213789C200663739 /* StreamScanner.swift in Sources */ = {isa = PBXBuildFile; fileRef = 8E760EE4213789C200663739 /* StreamScanner.swift */; };
		8E760F56213789C200663739 /* UInt128.swift in Sources */ = {isa = PBXBuildFile; fileRef = 8E760EE5213789C200663739 /* UInt128.swift */; };
		8E760F57213789C200663739 /* Utils.swift in Sources */ = {isa = PBXBuildFile; fileRef = 8E760EE6213789C200663739 /* Utils.swift */; };
		8E760F58213789C200663739 /* AdapterSocket.swift in Sources */ = {isa = PBXBuildFile; fileRef = 8E760EE9213789C200663739 /* AdapterSocket.swift */; };
		8E760F59213789C200663739 /* DirectAdapter.swift in Sources */ = {isa = PBXBuildFile; fileRef = 8E760EEA213789C200663739 /* DirectAdapter.swift */; };
		8E760F5A213789C200663739 /* AdapterFactory.swift in Sources */ = {isa = PBXBuildFile; fileRef = 8E760EEC213789C200663739 /* AdapterFactory.swift */; };
		8E760F5B213789C200663739 /* AdapterFactoryManager.swift in Sources */ = {isa = PBXBuildFile; fileRef = 8E760EED213789C200663739 /* AdapterFactoryManager.swift */; };
		8E760F5C213789C200663739 /* AuthenticationServerAdapterFactory.swift in Sources */ = {isa = PBXBuildFile; fileRef = 8E760EEE213789C200663739 /* AuthenticationServerAdapterFactory.swift */; };
		8E760F5D213789C200663739 /* HTTPAdapterFactory.swift in Sources */ = {isa = PBXBuildFile; fileRef = 8E760EEF213789C200663739 /* HTTPAdapterFactory.swift */; };
		8E760F5E213789C200663739 /* RejectAdapterFactory.swift in Sources */ = {isa = PBXBuildFile; fileRef = 8E760EF0213789C200663739 /* RejectAdapterFactory.swift */; };
		8E760F5F213789C200663739 /* SecureHTTPAdapterFactory.swift in Sources */ = {isa = PBXBuildFile; fileRef = 8E760EF1213789C200663739 /* SecureHTTPAdapterFactory.swift */; };
		8E760F60213789C200663739 /* ServerAdapterFactory.swift in Sources */ = {isa = PBXBuildFile; fileRef = 8E760EF2213789C200663739 /* ServerAdapterFactory.swift */; };
		8E760F61213789C200663739 /* ShadowsocksAdapterFactory.swift in Sources */ = {isa = PBXBuildFile; fileRef = 8E760EF3213789C200663739 /* ShadowsocksAdapterFactory.swift */; };
		8E760F62213789C200663739 /* SOCKS5AdapterFactory.swift in Sources */ = {isa = PBXBuildFile; fileRef = 8E760EF4213789C200663739 /* SOCKS5AdapterFactory.swift */; };
		8E760F63213789C200663739 /* SpeedAdapterFactory.swift in Sources */ = {isa = PBXBuildFile; fileRef = 8E760EF5213789C200663739 /* SpeedAdapterFactory.swift */; };
		8E760F64213789C200663739 /* HTTPAdapter.swift in Sources */ = {isa = PBXBuildFile; fileRef = 8E760EF6213789C200663739 /* HTTPAdapter.swift */; };
		8E760F65213789C200663739 /* RejectAdapter.swift in Sources */ = {isa = PBXBuildFile; fileRef = 8E760EF7213789C200663739 /* RejectAdapter.swift */; };
		8E760F66213789C200663739 /* SecureHTTPAdapter.swift in Sources */ = {isa = PBXBuildFile; fileRef = 8E760EF8213789C200663739 /* SecureHTTPAdapter.swift */; };
		8E760F67213789C200663739 /* CryptoStreamProcessor.swift in Sources */ = {isa = PBXBuildFile; fileRef = 8E760EFA213789C200663739 /* CryptoStreamProcessor.swift */; };
		8E760F68213789C200663739 /* ProtocolObfuscater.swift in Sources */ = {isa = PBXBuildFile; fileRef = 8E760EFB213789C200663739 /* ProtocolObfuscater.swift */; };
		8E760F69213789C200663739 /* ShadowsocksAdapter.swift in Sources */ = {isa = PBXBuildFile; fileRef = 8E760EFC213789C200663739 /* ShadowsocksAdapter.swift */; };
		8E760F6A213789C200663739 /* StreamObfuscater.swift in Sources */ = {isa = PBXBuildFile; fileRef = 8E760EFD213789C200663739 /* StreamObfuscater.swift */; };
		8E760F6B213789C200663739 /* SOCKS5Adapter.swift in Sources */ = {isa = PBXBuildFile; fileRef = 8E760EFE213789C200663739 /* SOCKS5Adapter.swift */; };
		8E760F6C213789C200663739 /* SpeedAdapter.swift in Sources */ = {isa = PBXBuildFile; fileRef = 8E760EFF213789C200663739 /* SpeedAdapter.swift */; };
		8E760F6D213789C200663739 /* DirectProxySocket.swift in Sources */ = {isa = PBXBuildFile; fileRef = 8E760F01213789C200663739 /* DirectProxySocket.swift */; };
		8E760F6E213789C200663739 /* HTTPProxySocket.swift in Sources */ = {isa = PBXBuildFile; fileRef = 8E760F02213789C200663739 /* HTTPProxySocket.swift */; };
		8E760F6F213789C200663739 /* ProxySocket.swift in Sources */ = {isa = PBXBuildFile; fileRef = 8E760F03213789C200663739 /* ProxySocket.swift */; };
		8E760F70213789C200663739 /* SOCKS5ProxySocket.swift in Sources */ = {isa = PBXBuildFile; fileRef = 8E760F04213789C200663739 /* SOCKS5ProxySocket.swift */; };
		8E760F71213789C200663739 /* SocketProtocol.swift in Sources */ = {isa = PBXBuildFile; fileRef = 8E760F05213789C200663739 /* SocketProtocol.swift */; };
		8E760F72213789C200663739 /* DebugObserver.swift in Sources */ = {isa = PBXBuildFile; fileRef = 8E760F07213789C200663739 /* DebugObserver.swift */; };
		8E760F73213789C200663739 /* AdapterSocketEvent.swift in Sources */ = {isa = PBXBuildFile; fileRef = 8E760F09213789C200663739 /* AdapterSocketEvent.swift */; };
		8E760F74213789C200663739 /* EventType.swift in Sources */ = {isa = PBXBuildFile; fileRef = 8E760F0A213789C200663739 /* EventType.swift */; };
		8E760F75213789C200663739 /* ProxyServerEvent.swift in Sources */ = {isa = PBXBuildFile; fileRef = 8E760F0B213789C200663739 /* ProxyServerEvent.swift */; };
		8E760F76213789C200663739 /* ProxySocketEvent.swift in Sources */ = {isa = PBXBuildFile; fileRef = 8E760F0C213789C200663739 /* ProxySocketEvent.swift */; };
		8E760F77213789C200663739 /* RuleMatchEvent.swift in Sources */ = {isa = PBXBuildFile; fileRef = 8E760F0D213789C200663739 /* RuleMatchEvent.swift */; };
		8E760F78213789C200663739 /* TunnelEvent.swift in Sources */ = {isa = PBXBuildFile; fileRef = 8E760F0E213789C200663739 /* TunnelEvent.swift */; };
		8E760F79213789C200663739 /* Observer.swift in Sources */ = {isa = PBXBuildFile; fileRef = 8E760F0F213789C200663739 /* Observer.swift */; };
		8E760F7A213789C200663739 /* ObserverFactory.swift in Sources */ = {isa = PBXBuildFile; fileRef = 8E760F10213789C200663739 /* ObserverFactory.swift */; };
		8E760F7C21378CCB00663739 /* CFNetwork.framework in Frameworks */ = {isa = PBXBuildFile; fileRef = 8E760F7B21378CCB00663739 /* CFNetwork.framework */; };
/* End PBXBuildFile section */

/* Begin PBXContainerItemProxy section */
		09549AC61DDF3B4A000F198C /* PBXContainerItemProxy */ = {
			isa = PBXContainerItemProxy;
			containerPortal = 353C0FD01DDF393F00A46EBD /* Project object */;
			proxyType = 1;
			remoteGlobalIDString = 09549ABE1DDF3B49000F198C;
			remoteInfo = PacketTunnel;
		};
/* End PBXContainerItemProxy section */

/* Begin PBXCopyFilesBuildPhase section */
		09549ACC1DDF3B4A000F198C /* Embed App Extensions */ = {
			isa = PBXCopyFilesBuildPhase;
			buildActionMask = 2147483647;
			dstPath = "";
			dstSubfolderSpec = 13;
			files = (
				09549AC81DDF3B4A000F198C /* PacketTunnel.appex in Embed App Extensions */,
			);
			name = "Embed App Extensions";
			runOnlyForDeploymentPostprocessing = 0;
		};
		09E3FB711DF85E7F001DE158 /* CopyFiles */ = {
			isa = PBXCopyFilesBuildPhase;
			buildActionMask = 2147483647;
			dstPath = "";
			dstSubfolderSpec = 16;
			files = (
			);
			runOnlyForDeploymentPostprocessing = 0;
		};
/* End PBXCopyFilesBuildPhase section */

/* Begin PBXFileReference section */
		0921EE2D1DDFE986006955C6 /* VpnManager.swift */ = {isa = PBXFileReference; fileEncoding = 4; lastKnownFileType = sourcecode.swift; name = VpnManager.swift; path = Model/VpnManager.swift; sourceTree = "<group>"; };
		0921EE331DDFF8F6006955C6 /* Notifications.swift */ = {isa = PBXFileReference; fileEncoding = 4; lastKnownFileType = sourcecode.swift; name = Notifications.swift; path = Macros/Notifications.swift; sourceTree = "<group>"; };
		09549ABF1DDF3B49000F198C /* PacketTunnel.appex */ = {isa = PBXFileReference; explicitFileType = "wrapper.app-extension"; includeInIndex = 0; path = PacketTunnel.appex; sourceTree = BUILT_PRODUCTS_DIR; };
		09549AC21DDF3B4A000F198C /* PacketTunnel.entitlements */ = {isa = PBXFileReference; lastKnownFileType = text.plist.entitlements; path = PacketTunnel.entitlements; sourceTree = "<group>"; };
		09549AC31DDF3B4A000F198C /* PacketTunnelProvider.swift */ = {isa = PBXFileReference; lastKnownFileType = sourcecode.swift; path = PacketTunnelProvider.swift; sourceTree = "<group>"; };
		09549AC51DDF3B4A000F198C /* Info.plist */ = {isa = PBXFileReference; lastKnownFileType = text.plist.xml; path = Info.plist; sourceTree = "<group>"; };
		09549ACE1DDF3C0E000F198C /* NetworkExtension.framework */ = {isa = PBXFileReference; lastKnownFileType = wrapper.framework; name = NetworkExtension.framework; path = System/Library/Frameworks/NetworkExtension.framework; sourceTree = SDKROOT; };
		09549AD11DDF3C30000F198C /* rabbit.entitlements */ = {isa = PBXFileReference; lastKnownFileType = text.plist.entitlements; path = rabbit.entitlements; sourceTree = "<group>"; };
		09549AD21DDF406B000F198C /* CocoaAsyncSocket.framework */ = {isa = PBXFileReference; lastKnownFileType = wrapper.framework; name = CocoaAsyncSocket.framework; path = Carthage/Build/iOS/CocoaAsyncSocket.framework; sourceTree = "<group>"; };
		09549AD31DDF406B000F198C /* CocoaLumberjack.framework */ = {isa = PBXFileReference; lastKnownFileType = wrapper.framework; name = CocoaLumberjack.framework; path = Carthage/Build/iOS/CocoaLumberjack.framework; sourceTree = "<group>"; };
		09549AD41DDF406B000F198C /* CocoaLumberjackSwift.framework */ = {isa = PBXFileReference; lastKnownFileType = wrapper.framework; name = CocoaLumberjackSwift.framework; path = Carthage/Build/iOS/CocoaLumberjackSwift.framework; sourceTree = "<group>"; };
		09549AD51DDF406B000F198C /* CommonCrypto.framework */ = {isa = PBXFileReference; lastKnownFileType = wrapper.framework; name = CommonCrypto.framework; path = Carthage/Build/iOS/CommonCrypto.framework; sourceTree = "<group>"; };
		09549AD61DDF406B000F198C /* lwip.framework */ = {isa = PBXFileReference; lastKnownFileType = wrapper.framework; name = lwip.framework; path = Carthage/Build/iOS/lwip.framework; sourceTree = "<group>"; };
		09549AD71DDF406B000F198C /* MMDB.framework */ = {isa = PBXFileReference; lastKnownFileType = wrapper.framework; name = MMDB.framework; path = Carthage/Build/iOS/MMDB.framework; sourceTree = "<group>"; };
		09549AD81DDF406B000F198C /* NEKit.framework */ = {isa = PBXFileReference; lastKnownFileType = wrapper.framework; name = NEKit.framework; path = Carthage/Build/iOS/NEKit.framework; sourceTree = "<group>"; };
		09549AD91DDF406B000F198C /* Sodium.framework */ = {isa = PBXFileReference; lastKnownFileType = wrapper.framework; name = Sodium.framework; path = Carthage/Build/iOS/Sodium.framework; sourceTree = "<group>"; };
		09549ADA1DDF406B000F198C /* tun2socks.framework */ = {isa = PBXFileReference; lastKnownFileType = wrapper.framework; name = tun2socks.framework; path = Carthage/Build/iOS/tun2socks.framework; sourceTree = "<group>"; };
		09549ADB1DDF406B000F198C /* Yaml.framework */ = {isa = PBXFileReference; lastKnownFileType = wrapper.framework; name = Yaml.framework; path = Carthage/Build/iOS/Yaml.framework; sourceTree = "<group>"; };
		0970F9361DE0039F003391DF /* UIView+CornerRadius.swift */ = {isa = PBXFileReference; fileEncoding = 4; lastKnownFileType = sourcecode.swift; name = "UIView+CornerRadius.swift"; path = "Extends/UIView+CornerRadius.swift"; sourceTree = "<group>"; };
		09A5AD2C1DE0573A00272F7C /* NEKitRule.conf */ = {isa = PBXFileReference; fileEncoding = 4; lastKnownFileType = text; name = NEKitRule.conf; path = "Supporting Files/NEKitRule.conf"; sourceTree = "<group>"; };
		09E3FB5A1DF859E0001DE158 /* Resolver.framework */ = {isa = PBXFileReference; lastKnownFileType = wrapper.framework; name = Resolver.framework; path = Carthage/Build/iOS/Resolver.framework; sourceTree = "<group>"; };
		353C0FD81DDF393F00A46EBD /* rabbit.app */ = {isa = PBXFileReference; explicitFileType = wrapper.application; includeInIndex = 0; path = rabbit.app; sourceTree = BUILT_PRODUCTS_DIR; };
		353C0FDB1DDF393F00A46EBD /* AppDelegate.swift */ = {isa = PBXFileReference; lastKnownFileType = sourcecode.swift; path = AppDelegate.swift; sourceTree = "<group>"; };
		353C0FDD1DDF393F00A46EBD /* HomeViewController.swift */ = {isa = PBXFileReference; lastKnownFileType = sourcecode.swift; path = HomeViewController.swift; sourceTree = "<group>"; };
		353C0FE01DDF393F00A46EBD /* Base */ = {isa = PBXFileReference; lastKnownFileType = file.storyboard; name = Base; path = Base.lproj/Main.storyboard; sourceTree = "<group>"; };
		353C0FE21DDF393F00A46EBD /* Assets.xcassets */ = {isa = PBXFileReference; lastKnownFileType = folder.assetcatalog; path = Assets.xcassets; sourceTree = "<group>"; };
		353C0FE51DDF393F00A46EBD /* Base */ = {isa = PBXFileReference; lastKnownFileType = file.storyboard; name = Base; path = Base.lproj/LaunchScreen.storyboard; sourceTree = "<group>"; };
		353C0FE71DDF393F00A46EBD /* Info.plist */ = {isa = PBXFileReference; lastKnownFileType = text.plist.xml; path = Info.plist; sourceTree = "<group>"; };
		8E760E95213789C100663739 /* GeoIP.swift */ = {isa = PBXFileReference; fileEncoding = 4; lastKnownFileType = sourcecode.swift; path = GeoIP.swift; sourceTree = "<group>"; };
		8E760E96213789C100663739 /* GlobalIntializer.swift */ = {isa = PBXFileReference; fileEncoding = 4; lastKnownFileType = sourcecode.swift; path = GlobalIntializer.swift; sourceTree = "<group>"; };
		8E760E97213789C100663739 /* ResponseGenerator.swift */ = {isa = PBXFileReference; fileEncoding = 4; lastKnownFileType = sourcecode.swift; path = ResponseGenerator.swift; sourceTree = "<group>"; };
		8E760E99213789C100663739 /* CCCrypto.swift */ = {isa = PBXFileReference; fileEncoding = 4; lastKnownFileType = sourcecode.swift; path = CCCrypto.swift; sourceTree = "<group>"; };
		8E760E9A213789C100663739 /* CryptoEnum.swift */ = {isa = PBXFileReference; fileEncoding = 4; lastKnownFileType = sourcecode.swift; path = CryptoEnum.swift; sourceTree = "<group>"; };
		8E760E9B213789C100663739 /* CryptoHelper.swift */ = {isa = PBXFileReference; fileEncoding = 4; lastKnownFileType = sourcecode.swift; path = CryptoHelper.swift; sourceTree = "<group>"; };
		8E760E9C213789C100663739 /* HMAC.swift */ = {isa = PBXFileReference; fileEncoding = 4; lastKnownFileType = sourcecode.swift; path = HMAC.swift; sourceTree = "<group>"; };
		8E760E9D213789C100663739 /* Libsodium.swift */ = {isa = PBXFileReference; fileEncoding = 4; lastKnownFileType = sourcecode.swift; path = Libsodium.swift; sourceTree = "<group>"; };
		8E760E9E213789C100663739 /* MD5Hash.swift */ = {isa = PBXFileReference; fileEncoding = 4; lastKnownFileType = sourcecode.swift; path = MD5Hash.swift; sourceTree = "<group>"; };
		8E760E9F213789C100663739 /* SodiumStreamCrypto.swift */ = {isa = PBXFileReference; fileEncoding = 4; lastKnownFileType = sourcecode.swift; path = SodiumStreamCrypto.swift; sourceTree = "<group>"; };
		8E760EA0213789C100663739 /* StreamCryptoProtocol.swift */ = {isa = PBXFileReference; fileEncoding = 4; lastKnownFileType = sourcecode.swift; path = StreamCryptoProtocol.swift; sourceTree = "<group>"; };
		8E760EA2213789C100663739 /* AdapterFactoryParser.swift */ = {isa = PBXFileReference; fileEncoding = 4; lastKnownFileType = sourcecode.swift; path = AdapterFactoryParser.swift; sourceTree = "<group>"; };
		8E760EA3213789C100663739 /* Configuration.swift */ = {isa = PBXFileReference; fileEncoding = 4; lastKnownFileType = sourcecode.swift; path = Configuration.swift; sourceTree = "<group>"; };
		8E760EA4213789C100663739 /* RuleParser.swift */ = {isa = PBXFileReference; fileEncoding = 4; lastKnownFileType = sourcecode.swift; path = RuleParser.swift; sourceTree = "<group>"; };
		8E760EA6213789C100663739 /* ConnectSession.swift */ = {isa = PBXFileReference; fileEncoding = 4; lastKnownFileType = sourcecode.swift; path = ConnectSession.swift; sourceTree = "<group>"; };
		8E760EA7213789C100663739 /* HTTPHeader.swift */ = {isa = PBXFileReference; fileEncoding = 4; lastKnownFileType = sourcecode.swift; path = HTTPHeader.swift; sourceTree = "<group>"; };
		8E760EA9213789C100663739 /* GCDHTTPProxyServer.swift */ = {isa = PBXFileReference; fileEncoding = 4; lastKnownFileType = sourcecode.swift; path = GCDHTTPProxyServer.swift; sourceTree = "<group>"; };
		8E760EAA213789C100663739 /* GCDProxyServer.swift */ = {isa = PBXFileReference; fileEncoding = 4; lastKnownFileType = sourcecode.swift; path = GCDProxyServer.swift; sourceTree = "<group>"; };
		8E760EAB213789C100663739 /* GCDSOCKS5ProxyServer.swift */ = {isa = PBXFileReference; fileEncoding = 4; lastKnownFileType = sourcecode.swift; path = GCDSOCKS5ProxyServer.swift; sourceTree = "<group>"; };
		8E760EAC213789C100663739 /* ProxyServer.swift */ = {isa = PBXFileReference; fileEncoding = 4; lastKnownFileType = sourcecode.swift; path = ProxyServer.swift; sourceTree = "<group>"; };
		8E760EAD213789C200663739 /* ResponseGeneratorFactory.swift */ = {isa = PBXFileReference; fileEncoding = 4; lastKnownFileType = sourcecode.swift; path = ResponseGeneratorFactory.swift; sourceTree = "<group>"; };
		8E760EAF213789C200663739 /* AllRule.swift */ = {isa = PBXFileReference; fileEncoding = 4; lastKnownFileType = sourcecode.swift; path = AllRule.swift; sourceTree = "<group>"; };
		8E760EB0213789C200663739 /* CountryRule.swift */ = {isa = PBXFileReference; fileEncoding = 4; lastKnownFileType = sourcecode.swift; path = CountryRule.swift; sourceTree = "<group>"; };
		8E760EB1213789C200663739 /* DirectRule.swift */ = {isa = PBXFileReference; fileEncoding = 4; lastKnownFileType = sourcecode.swift; path = DirectRule.swift; sourceTree = "<group>"; };
		8E760EB2213789C200663739 /* DNSFailRule.swift */ = {isa = PBXFileReference; fileEncoding = 4; lastKnownFileType = sourcecode.swift; path = DNSFailRule.swift; sourceTree = "<group>"; };
		8E760EB3213789C200663739 /* DNSSessionMatchResult.swift */ = {isa = PBXFileReference; fileEncoding = 4; lastKnownFileType = sourcecode.swift; path = DNSSessionMatchResult.swift; sourceTree = "<group>"; };
		8E760EB4213789C200663739 /* DNSSessionMatchType.swift */ = {isa = PBXFileReference; fileEncoding = 4; lastKnownFileType = sourcecode.swift; path = DNSSessionMatchType.swift; sourceTree = "<group>"; };
		8E760EB5213789C200663739 /* DomainListRule.swift */ = {isa = PBXFileReference; fileEncoding = 4; lastKnownFileType = sourcecode.swift; path = DomainListRule.swift; sourceTree = "<group>"; };
		8E760EB6213789C200663739 /* IPRangeListRule.swift */ = {isa = PBXFileReference; fileEncoding = 4; lastKnownFileType = sourcecode.swift; path = IPRangeListRule.swift; sourceTree = "<group>"; };
		8E760EB7213789C200663739 /* Rule.swift */ = {isa = PBXFileReference; fileEncoding = 4; lastKnownFileType = sourcecode.swift; path = Rule.swift; sourceTree = "<group>"; };
		8E760EB8213789C200663739 /* RuleManager.swift */ = {isa = PBXFileReference; fileEncoding = 4; lastKnownFileType = sourcecode.swift; path = RuleManager.swift; sourceTree = "<group>"; };
		8E760EBA213789C200663739 /* QueueFactory.swift */ = {isa = PBXFileReference; fileEncoding = 4; lastKnownFileType = sourcecode.swift; path = QueueFactory.swift; sourceTree = "<group>"; };
		8E760EBB213789C200663739 /* Tunnel.swift */ = {isa = PBXFileReference; fileEncoding = 4; lastKnownFileType = sourcecode.swift; path = Tunnel.swift; sourceTree = "<group>"; };
		8E760EBC213789C200663739 /* Opt.swift */ = {isa = PBXFileReference; fileEncoding = 4; lastKnownFileType = sourcecode.swift; path = Opt.swift; sourceTree = "<group>"; };
		8E760EBF213789C200663739 /* DNSEnums.swift */ = {isa = PBXFileReference; fileEncoding = 4; lastKnownFileType = sourcecode.swift; path = DNSEnums.swift; sourceTree = "<group>"; };
		8E760EC0213789C200663739 /* DNSMessage.swift */ = {isa = PBXFileReference; fileEncoding = 4; lastKnownFileType = sourcecode.swift; path = DNSMessage.swift; sourceTree = "<group>"; };
		8E760EC1213789C200663739 /* DNSResolver.swift */ = {isa = PBXFileReference; fileEncoding = 4; lastKnownFileType = sourcecode.swift; path = DNSResolver.swift; sourceTree = "<group>"; };
		8E760EC2213789C200663739 /* DNSServer.swift */ = {isa = PBXFileReference; fileEncoding = 4; lastKnownFileType = sourcecode.swift; path = DNSServer.swift; sourceTree = "<group>"; };
		8E760EC3213789C200663739 /* DNSSession.swift */ = {isa = PBXFileReference; fileEncoding = 4; lastKnownFileType = sourcecode.swift; path = DNSSession.swift; sourceTree = "<group>"; };
		8E760EC4213789C200663739 /* IPStackProtocol.swift */ = {isa = PBXFileReference; fileEncoding = 4; lastKnownFileType = sourcecode.swift; path = IPStackProtocol.swift; sourceTree = "<group>"; };
		8E760EC6213789C200663739 /* IPMutablePacket.swift */ = {isa = PBXFileReference; fileEncoding = 4; lastKnownFileType = sourcecode.swift; path = IPMutablePacket.swift; sourceTree = "<group>"; };
		8E760EC7213789C200663739 /* IPPacket.swift */ = {isa = PBXFileReference; fileEncoding = 4; lastKnownFileType = sourcecode.swift; path = IPPacket.swift; sourceTree = "<group>"; };
		8E760EC8213789C200663739 /* PacketProtocolParser.swift */ = {isa = PBXFileReference; fileEncoding = 4; lastKnownFileType = sourcecode.swift; path = PacketProtocolParser.swift; sourceTree = "<group>"; };
		8E760EC9213789C200663739 /* TCPMutablePacket.swift */ = {isa = PBXFileReference; fileEncoding = 4; lastKnownFileType = sourcecode.swift; path = TCPMutablePacket.swift; sourceTree = "<group>"; };
		8E760ECB213789C200663739 /* TCPStack.swift */ = {isa = PBXFileReference; fileEncoding = 4; lastKnownFileType = sourcecode.swift; path = TCPStack.swift; sourceTree = "<group>"; };
		8E760ECC213789C200663739 /* TUNInterface.swift */ = {isa = PBXFileReference; fileEncoding = 4; lastKnownFileType = sourcecode.swift; path = TUNInterface.swift; sourceTree = "<group>"; };
		8E760ECD213789C200663739 /* UDPDirectStack.swift */ = {isa = PBXFileReference; fileEncoding = 4; lastKnownFileType = sourcecode.swift; path = UDPDirectStack.swift; sourceTree = "<group>"; };
		8E760ECF213789C200663739 /* GCDTCPSocket.swift */ = {isa = PBXFileReference; fileEncoding = 4; lastKnownFileType = sourcecode.swift; path = GCDTCPSocket.swift; sourceTree = "<group>"; };
		8E760ED0213789C200663739 /* NWTCPSocket.swift */ = {isa = PBXFileReference; fileEncoding = 4; lastKnownFileType = sourcecode.swift; path = NWTCPSocket.swift; sourceTree = "<group>"; };
		8E760ED1213789C200663739 /* NWUDPSocket.swift */ = {isa = PBXFileReference; fileEncoding = 4; lastKnownFileType = sourcecode.swift; path = NWUDPSocket.swift; sourceTree = "<group>"; };
		8E760ED2213789C200663739 /* RawSocketFactory.swift */ = {isa = PBXFileReference; fileEncoding = 4; lastKnownFileType = sourcecode.swift; path = RawSocketFactory.swift; sourceTree = "<group>"; };
		8E760ED3213789C200663739 /* RawTCPSocketProtocol.swift */ = {isa = PBXFileReference; fileEncoding = 4; lastKnownFileType = sourcecode.swift; path = RawTCPSocketProtocol.swift; sourceTree = "<group>"; };
		8E760ED4213789C200663739 /* TUNTCPSocket.swift */ = {isa = PBXFileReference; fileEncoding = 4; lastKnownFileType = sourcecode.swift; path = TUNTCPSocket.swift; sourceTree = "<group>"; };
		8E760ED6213789C200663739 /* Atomic.swift */ = {isa = PBXFileReference; fileEncoding = 4; lastKnownFileType = sourcecode.swift; path = Atomic.swift; sourceTree = "<group>"; };
		8E760ED7213789C200663739 /* BinaryDataScanner.swift */ = {isa = PBXFileReference; fileEncoding = 4; lastKnownFileType = sourcecode.swift; path = BinaryDataScanner.swift; sourceTree = "<group>"; };
		8E760ED8213789C200663739 /* Buffer.swift */ = {isa = PBXFileReference; fileEncoding = 4; lastKnownFileType = sourcecode.swift; path = Buffer.swift; sourceTree = "<group>"; };
		8E760ED9213789C200663739 /* Checksum.swift */ = {isa = PBXFileReference; fileEncoding = 4; lastKnownFileType = sourcecode.swift; path = Checksum.swift; sourceTree = "<group>"; };
		8E760EDA213789C200663739 /* Data.swift */ = {isa = PBXFileReference; fileEncoding = 4; lastKnownFileType = sourcecode.swift; path = Data.swift; sourceTree = "<group>"; };
		8E760EDB213789C200663739 /* HTTPAuthentication.swift */ = {isa = PBXFileReference; fileEncoding = 4; lastKnownFileType = sourcecode.swift; path = HTTPAuthentication.swift; sourceTree = "<group>"; };
		8E760EDC213789C200663739 /* HTTPStreamScanner.swift */ = {isa = PBXFileReference; fileEncoding = 4; lastKnownFileType = sourcecode.swift; path = HTTPStreamScanner.swift; sourceTree = "<group>"; };
		8E760EDD213789C200663739 /* HTTPURL.swift */ = {isa = PBXFileReference; fileEncoding = 4; lastKnownFileType = sourcecode.swift; path = HTTPURL.swift; sourceTree = "<group>"; };
		8E760EDE213789C200663739 /* IPAddress.swift */ = {isa = PBXFileReference; fileEncoding = 4; lastKnownFileType = sourcecode.swift; path = IPAddress.swift; sourceTree = "<group>"; };
		8E760EDF213789C200663739 /* IPInterval.swift */ = {isa = PBXFileReference; fileEncoding = 4; lastKnownFileType = sourcecode.swift; path = IPInterval.swift; sourceTree = "<group>"; };
		8E760EE0213789C200663739 /* IPMask.swift */ = {isa = PBXFileReference; fileEncoding = 4; lastKnownFileType = sourcecode.swift; path = IPMask.swift; sourceTree = "<group>"; };
		8E760EE1213789C200663739 /* IPPool.swift */ = {isa = PBXFileReference; fileEncoding = 4; lastKnownFileType = sourcecode.swift; path = IPPool.swift; sourceTree = "<group>"; };
		8E760EE2213789C200663739 /* IPRange.swift */ = {isa = PBXFileReference; fileEncoding = 4; lastKnownFileType = sourcecode.swift; path = IPRange.swift; sourceTree = "<group>"; };
		8E760EE3213789C200663739 /* Port.swift */ = {isa = PBXFileReference; fileEncoding = 4; lastKnownFileType = sourcecode.swift; path = Port.swift; sourceTree = "<group>"; };
		8E760EE4213789C200663739 /* StreamScanner.swift */ = {isa = PBXFileReference; fileEncoding = 4; lastKnownFileType = sourcecode.swift; path = StreamScanner.swift; sourceTree = "<group>"; };
		8E760EE5213789C200663739 /* UInt128.swift */ = {isa = PBXFileReference; fileEncoding = 4; lastKnownFileType = sourcecode.swift; path = UInt128.swift; sourceTree = "<group>"; };
		8E760EE6213789C200663739 /* Utils.swift */ = {isa = PBXFileReference; fileEncoding = 4; lastKnownFileType = sourcecode.swift; path = Utils.swift; sourceTree = "<group>"; };
		8E760EE9213789C200663739 /* AdapterSocket.swift */ = {isa = PBXFileReference; fileEncoding = 4; lastKnownFileType = sourcecode.swift; path = AdapterSocket.swift; sourceTree = "<group>"; };
		8E760EEA213789C200663739 /* DirectAdapter.swift */ = {isa = PBXFileReference; fileEncoding = 4; lastKnownFileType = sourcecode.swift; path = DirectAdapter.swift; sourceTree = "<group>"; };
		8E760EEC213789C200663739 /* AdapterFactory.swift */ = {isa = PBXFileReference; fileEncoding = 4; lastKnownFileType = sourcecode.swift; path = AdapterFactory.swift; sourceTree = "<group>"; };
		8E760EED213789C200663739 /* AdapterFactoryManager.swift */ = {isa = PBXFileReference; fileEncoding = 4; lastKnownFileType = sourcecode.swift; path = AdapterFactoryManager.swift; sourceTree = "<group>"; };
		8E760EEE213789C200663739 /* AuthenticationServerAdapterFactory.swift */ = {isa = PBXFileReference; fileEncoding = 4; lastKnownFileType = sourcecode.swift; path = AuthenticationServerAdapterFactory.swift; sourceTree = "<group>"; };
		8E760EEF213789C200663739 /* HTTPAdapterFactory.swift */ = {isa = PBXFileReference; fileEncoding = 4; lastKnownFileType = sourcecode.swift; path = HTTPAdapterFactory.swift; sourceTree = "<group>"; };
		8E760EF0213789C200663739 /* RejectAdapterFactory.swift */ = {isa = PBXFileReference; fileEncoding = 4; lastKnownFileType = sourcecode.swift; path = RejectAdapterFactory.swift; sourceTree = "<group>"; };
		8E760EF1213789C200663739 /* SecureHTTPAdapterFactory.swift */ = {isa = PBXFileReference; fileEncoding = 4; lastKnownFileType = sourcecode.swift; path = SecureHTTPAdapterFactory.swift; sourceTree = "<group>"; };
		8E760EF2213789C200663739 /* ServerAdapterFactory.swift */ = {isa = PBXFileReference; fileEncoding = 4; lastKnownFileType = sourcecode.swift; path = ServerAdapterFactory.swift; sourceTree = "<group>"; };
		8E760EF3213789C200663739 /* ShadowsocksAdapterFactory.swift */ = {isa = PBXFileReference; fileEncoding = 4; lastKnownFileType = sourcecode.swift; path = ShadowsocksAdapterFactory.swift; sourceTree = "<group>"; };
		8E760EF4213789C200663739 /* SOCKS5AdapterFactory.swift */ = {isa = PBXFileReference; fileEncoding = 4; lastKnownFileType = sourcecode.swift; path = SOCKS5AdapterFactory.swift; sourceTree = "<group>"; };
		8E760EF5213789C200663739 /* SpeedAdapterFactory.swift */ = {isa = PBXFileReference; fileEncoding = 4; lastKnownFileType = sourcecode.swift; path = SpeedAdapterFactory.swift; sourceTree = "<group>"; };
		8E760EF6213789C200663739 /* HTTPAdapter.swift */ = {isa = PBXFileReference; fileEncoding = 4; lastKnownFileType = sourcecode.swift; path = HTTPAdapter.swift; sourceTree = "<group>"; };
		8E760EF7213789C200663739 /* RejectAdapter.swift */ = {isa = PBXFileReference; fileEncoding = 4; lastKnownFileType = sourcecode.swift; path = RejectAdapter.swift; sourceTree = "<group>"; };
		8E760EF8213789C200663739 /* SecureHTTPAdapter.swift */ = {isa = PBXFileReference; fileEncoding = 4; lastKnownFileType = sourcecode.swift; path = SecureHTTPAdapter.swift; sourceTree = "<group>"; };
		8E760EFA213789C200663739 /* CryptoStreamProcessor.swift */ = {isa = PBXFileReference; fileEncoding = 4; lastKnownFileType = sourcecode.swift; path = CryptoStreamProcessor.swift; sourceTree = "<group>"; };
		8E760EFB213789C200663739 /* ProtocolObfuscater.swift */ = {isa = PBXFileReference; fileEncoding = 4; lastKnownFileType = sourcecode.swift; path = ProtocolObfuscater.swift; sourceTree = "<group>"; };
		8E760EFC213789C200663739 /* ShadowsocksAdapter.swift */ = {isa = PBXFileReference; fileEncoding = 4; lastKnownFileType = sourcecode.swift; path = ShadowsocksAdapter.swift; sourceTree = "<group>"; };
		8E760EFD213789C200663739 /* StreamObfuscater.swift */ = {isa = PBXFileReference; fileEncoding = 4; lastKnownFileType = sourcecode.swift; path = StreamObfuscater.swift; sourceTree = "<group>"; };
		8E760EFE213789C200663739 /* SOCKS5Adapter.swift */ = {isa = PBXFileReference; fileEncoding = 4; lastKnownFileType = sourcecode.swift; path = SOCKS5Adapter.swift; sourceTree = "<group>"; };
		8E760EFF213789C200663739 /* SpeedAdapter.swift */ = {isa = PBXFileReference; fileEncoding = 4; lastKnownFileType = sourcecode.swift; path = SpeedAdapter.swift; sourceTree = "<group>"; };
		8E760F01213789C200663739 /* DirectProxySocket.swift */ = {isa = PBXFileReference; fileEncoding = 4; lastKnownFileType = sourcecode.swift; path = DirectProxySocket.swift; sourceTree = "<group>"; };
		8E760F02213789C200663739 /* HTTPProxySocket.swift */ = {isa = PBXFileReference; fileEncoding = 4; lastKnownFileType = sourcecode.swift; path = HTTPProxySocket.swift; sourceTree = "<group>"; };
		8E760F03213789C200663739 /* ProxySocket.swift */ = {isa = PBXFileReference; fileEncoding = 4; lastKnownFileType = sourcecode.swift; path = ProxySocket.swift; sourceTree = "<group>"; };
		8E760F04213789C200663739 /* SOCKS5ProxySocket.swift */ = {isa = PBXFileReference; fileEncoding = 4; lastKnownFileType = sourcecode.swift; path = SOCKS5ProxySocket.swift; sourceTree = "<group>"; };
		8E760F05213789C200663739 /* SocketProtocol.swift */ = {isa = PBXFileReference; fileEncoding = 4; lastKnownFileType = sourcecode.swift; path = SocketProtocol.swift; sourceTree = "<group>"; };
		8E760F07213789C200663739 /* DebugObserver.swift */ = {isa = PBXFileReference; fileEncoding = 4; lastKnownFileType = sourcecode.swift; path = DebugObserver.swift; sourceTree = "<group>"; };
		8E760F09213789C200663739 /* AdapterSocketEvent.swift */ = {isa = PBXFileReference; fileEncoding = 4; lastKnownFileType = sourcecode.swift; path = AdapterSocketEvent.swift; sourceTree = "<group>"; };
		8E760F0A213789C200663739 /* EventType.swift */ = {isa = PBXFileReference; fileEncoding = 4; lastKnownFileType = sourcecode.swift; path = EventType.swift; sourceTree = "<group>"; };
		8E760F0B213789C200663739 /* ProxyServerEvent.swift */ = {isa = PBXFileReference; fileEncoding = 4; lastKnownFileType = sourcecode.swift; path = ProxyServerEvent.swift; sourceTree = "<group>"; };
		8E760F0C213789C200663739 /* ProxySocketEvent.swift */ = {isa = PBXFileReference; fileEncoding = 4; lastKnownFileType = sourcecode.swift; path = ProxySocketEvent.swift; sourceTree = "<group>"; };
		8E760F0D213789C200663739 /* RuleMatchEvent.swift */ = {isa = PBXFileReference; fileEncoding = 4; lastKnownFileType = sourcecode.swift; path = RuleMatchEvent.swift; sourceTree = "<group>"; };
		8E760F0E213789C200663739 /* TunnelEvent.swift */ = {isa = PBXFileReference; fileEncoding = 4; lastKnownFileType = sourcecode.swift; path = TunnelEvent.swift; sourceTree = "<group>"; };
		8E760F0F213789C200663739 /* Observer.swift */ = {isa = PBXFileReference; fileEncoding = 4; lastKnownFileType = sourcecode.swift; path = Observer.swift; sourceTree = "<group>"; };
		8E760F10213789C200663739 /* ObserverFactory.swift */ = {isa = PBXFileReference; fileEncoding = 4; lastKnownFileType = sourcecode.swift; path = ObserverFactory.swift; sourceTree = "<group>"; };
		8E760F7B21378CCB00663739 /* CFNetwork.framework */ = {isa = PBXFileReference; lastKnownFileType = wrapper.framework; name = CFNetwork.framework; path = System/Library/Frameworks/CFNetwork.framework; sourceTree = SDKROOT; };
/* End PBXFileReference section */

/* Begin PBXFrameworksBuildPhase section */
		09549ABC1DDF3B49000F198C /* Frameworks */ = {
			isa = PBXFrameworksBuildPhase;
			buildActionMask = 2147483647;
			files = (
				8E760F7C21378CCB00663739 /* CFNetwork.framework in Frameworks */,
				09E3FB5B1DF859E0001DE158 /* Resolver.framework in Frameworks */,
				09549ADC1DDF406B000F198C /* CocoaAsyncSocket.framework in Frameworks */,
				09549ADD1DDF406B000F198C /* CocoaLumberjack.framework in Frameworks */,
				09549ADE1DDF406B000F198C /* CocoaLumberjackSwift.framework in Frameworks */,
				09549AE01DDF406B000F198C /* lwip.framework in Frameworks */,
				09549AE11DDF406B000F198C /* MMDB.framework in Frameworks */,
				09549AE31DDF406B000F198C /* Sodium.framework in Frameworks */,
				09549AE41DDF406B000F198C /* tun2socks.framework in Frameworks */,
				09549AE51DDF406B000F198C /* Yaml.framework in Frameworks */,
				09549ACF1DDF3C0E000F198C /* NetworkExtension.framework in Frameworks */,
			);
			runOnlyForDeploymentPostprocessing = 0;
		};
		353C0FD51DDF393F00A46EBD /* Frameworks */ = {
			isa = PBXFrameworksBuildPhase;
			buildActionMask = 2147483647;
			files = (
				09549AD01DDF3C2F000F198C /* NetworkExtension.framework in Frameworks */,
			);
			runOnlyForDeploymentPostprocessing = 0;
		};
/* End PBXFrameworksBuildPhase section */

/* Begin PBXGroup section */
		0921EE2C1DDFE942006955C6 /* Model Manager */ = {
			isa = PBXGroup;
			children = (
				0921EE2D1DDFE986006955C6 /* VpnManager.swift */,
			);
			name = "Model Manager";
			sourceTree = "<group>";
		};
		0921EE2F1DDFF5C2006955C6 /* View */ = {
			isa = PBXGroup;
			children = (
				353C0FDF1DDF393F00A46EBD /* Main.storyboard */,
				353C0FE41DDF393F00A46EBD /* LaunchScreen.storyboard */,
			);
			name = View;
			sourceTree = "<group>";
		};
		0921EE301DDFF5D4006955C6 /* Controller */ = {
			isa = PBXGroup;
			children = (
				353C0FDD1DDF393F00A46EBD /* HomeViewController.swift */,
			);
			name = Controller;
			sourceTree = "<group>";
		};
		0921EE311DDFF5EA006955C6 /* Supporting Files */ = {
			isa = PBXGroup;
			children = (
				09549AD11DDF3C30000F198C /* rabbit.entitlements */,
				353C0FE21DDF393F00A46EBD /* Assets.xcassets */,
				353C0FE71DDF393F00A46EBD /* Info.plist */,
				09A5AD2C1DE0573A00272F7C /* NEKitRule.conf */,
			);
			name = "Supporting Files";
			sourceTree = "<group>";
		};
		0921EE321DDFF8D1006955C6 /* Macros */ = {
			isa = PBXGroup;
			children = (
				0921EE331DDFF8F6006955C6 /* Notifications.swift */,
			);
			name = Macros;
			sourceTree = "<group>";
		};
		09549AC01DDF3B4A000F198C /* PacketTunnel */ = {
			isa = PBXGroup;
			children = (
				09549AC31DDF3B4A000F198C /* PacketTunnelProvider.swift */,
				09549AC11DDF3B4A000F198C /* Supporting Files */,
			);
			path = PacketTunnel;
			sourceTree = "<group>";
		};
		09549AC11DDF3B4A000F198C /* Supporting Files */ = {
			isa = PBXGroup;
			children = (
				09549AC51DDF3B4A000F198C /* Info.plist */,
				09549AC21DDF3B4A000F198C /* PacketTunnel.entitlements */,
			);
			name = "Supporting Files";
			sourceTree = "<group>";
		};
		09549ACD1DDF3C0E000F198C /* Frameworks */ = {
			isa = PBXGroup;
			children = (
				8E760F7B21378CCB00663739 /* CFNetwork.framework */,
				09E3FB5A1DF859E0001DE158 /* Resolver.framework */,
				09549AD21DDF406B000F198C /* CocoaAsyncSocket.framework */,
				09549AD31DDF406B000F198C /* CocoaLumberjack.framework */,
				09549AD41DDF406B000F198C /* CocoaLumberjackSwift.framework */,
				09549AD51DDF406B000F198C /* CommonCrypto.framework */,
				09549AD61DDF406B000F198C /* lwip.framework */,
				09549AD71DDF406B000F198C /* MMDB.framework */,
				09549AD81DDF406B000F198C /* NEKit.framework */,
				09549AD91DDF406B000F198C /* Sodium.framework */,
				09549ADA1DDF406B000F198C /* tun2socks.framework */,
				09549ADB1DDF406B000F198C /* Yaml.framework */,
				09549ACE1DDF3C0E000F198C /* NetworkExtension.framework */,
			);
			name = Frameworks;
			sourceTree = "<group>";
		};
		0970F9351DE00371003391DF /* Extends */ = {
			isa = PBXGroup;
			children = (
				0970F9361DE0039F003391DF /* UIView+CornerRadius.swift */,
			);
			name = Extends;
			sourceTree = "<group>";
		};
		353C0FCF1DDF393F00A46EBD = {
			isa = PBXGroup;
			children = (
				353C0FDA1DDF393F00A46EBD /* rabbit */,
				09549AC01DDF3B4A000F198C /* PacketTunnel */,
				353C0FD91DDF393F00A46EBD /* Products */,
				09549ACD1DDF3C0E000F198C /* Frameworks */,
			);
			sourceTree = "<group>";
		};
		353C0FD91DDF393F00A46EBD /* Products */ = {
			isa = PBXGroup;
			children = (
				353C0FD81DDF393F00A46EBD /* rabbit.app */,
				09549ABF1DDF3B49000F198C /* PacketTunnel.appex */,
			);
			name = Products;
			sourceTree = "<group>";
		};
		353C0FDA1DDF393F00A46EBD /* rabbit */ = {
			isa = PBXGroup;
			children = (
				8E760D412137894900663739 /* NEKit */,
				353C0FDB1DDF393F00A46EBD /* AppDelegate.swift */,
				0921EE2C1DDFE942006955C6 /* Model Manager */,
				0921EE301DDFF5D4006955C6 /* Controller */,
				0921EE2F1DDFF5C2006955C6 /* View */,
				0970F9351DE00371003391DF /* Extends */,
				0921EE321DDFF8D1006955C6 /* Macros */,
				0921EE311DDFF5EA006955C6 /* Supporting Files */,
			);
			path = rabbit;
			sourceTree = "<group>";
		};
		8E760D412137894900663739 /* NEKit */ = {
			isa = PBXGroup;
			children = (
				8E760EA1213789C100663739 /* Config */,
				8E760E98213789C100663739 /* Crypto */,
				8E760F06213789C200663739 /* Event */,
				8E760E94213789C100663739 /* GeoIP */,
				8E760E96213789C100663739 /* GlobalIntializer.swift */,
				8E760EBD213789C200663739 /* IPStack */,
				8E760EA5213789C100663739 /* Messages */,
				8E760EBC213789C200663739 /* Opt.swift */,
				8E760EA8213789C100663739 /* ProxyServer */,
				8E760ECE213789C200663739 /* RawSocket */,
				8E760E97213789C100663739 /* ResponseGenerator.swift */,
				8E760EAD213789C200663739 /* ResponseGeneratorFactory.swift */,
				8E760EAE213789C200663739 /* Rule */,
				8E760EE7213789C200663739 /* Socket */,
				8E760EB9213789C200663739 /* Tunnel */,
				8E760ED5213789C200663739 /* Utils */,
				8E760EE6213789C200663739 /* Utils.swift */,
			);
			path = NEKit;
			sourceTree = "<group>";
		};
		8E760E94213789C100663739 /* GeoIP */ = {
			isa = PBXGroup;
			children = (
				8E760E95213789C100663739 /* GeoIP.swift */,
			);
			path = GeoIP;
			sourceTree = "<group>";
		};
		8E760E98213789C100663739 /* Crypto */ = {
			isa = PBXGroup;
			children = (
				8E760E99213789C100663739 /* CCCrypto.swift */,
				8E760E9A213789C100663739 /* CryptoEnum.swift */,
				8E760E9B213789C100663739 /* CryptoHelper.swift */,
				8E760E9C213789C100663739 /* HMAC.swift */,
				8E760E9D213789C100663739 /* Libsodium.swift */,
				8E760E9E213789C100663739 /* MD5Hash.swift */,
				8E760E9F213789C100663739 /* SodiumStreamCrypto.swift */,
				8E760EA0213789C100663739 /* StreamCryptoProtocol.swift */,
			);
			path = Crypto;
			sourceTree = "<group>";
		};
		8E760EA1213789C100663739 /* Config */ = {
			isa = PBXGroup;
			children = (
				8E760EA2213789C100663739 /* AdapterFactoryParser.swift */,
				8E760EA3213789C100663739 /* Configuration.swift */,
				8E760EA4213789C100663739 /* RuleParser.swift */,
			);
			path = Config;
			sourceTree = "<group>";
		};
		8E760EA5213789C100663739 /* Messages */ = {
			isa = PBXGroup;
			children = (
				8E760EA6213789C100663739 /* ConnectSession.swift */,
				8E760EA7213789C100663739 /* HTTPHeader.swift */,
			);
			path = Messages;
			sourceTree = "<group>";
		};
		8E760EA8213789C100663739 /* ProxyServer */ = {
			isa = PBXGroup;
			children = (
				8E760EA9213789C100663739 /* GCDHTTPProxyServer.swift */,
				8E760EAA213789C100663739 /* GCDProxyServer.swift */,
				8E760EAB213789C100663739 /* GCDSOCKS5ProxyServer.swift */,
				8E760EAC213789C100663739 /* ProxyServer.swift */,
			);
			path = ProxyServer;
			sourceTree = "<group>";
		};
		8E760EAE213789C200663739 /* Rule */ = {
			isa = PBXGroup;
			children = (
				8E760EAF213789C200663739 /* AllRule.swift */,
				8E760EB0213789C200663739 /* CountryRule.swift */,
				8E760EB1213789C200663739 /* DirectRule.swift */,
				8E760EB2213789C200663739 /* DNSFailRule.swift */,
				8E760EB3213789C200663739 /* DNSSessionMatchResult.swift */,
				8E760EB4213789C200663739 /* DNSSessionMatchType.swift */,
				8E760EB5213789C200663739 /* DomainListRule.swift */,
				8E760EB6213789C200663739 /* IPRangeListRule.swift */,
				8E760EB7213789C200663739 /* Rule.swift */,
				8E760EB8213789C200663739 /* RuleManager.swift */,
			);
			path = Rule;
			sourceTree = "<group>";
		};
		8E760EB9213789C200663739 /* Tunnel */ = {
			isa = PBXGroup;
			children = (
				8E760EBA213789C200663739 /* QueueFactory.swift */,
				8E760EBB213789C200663739 /* Tunnel.swift */,
			);
			path = Tunnel;
			sourceTree = "<group>";
		};
		8E760EBD213789C200663739 /* IPStack */ = {
			isa = PBXGroup;
			children = (
				8E760EBE213789C200663739 /* DNS */,
				8E760EC4213789C200663739 /* IPStackProtocol.swift */,
				8E760EC5213789C200663739 /* Packet */,
				8E760ECB213789C200663739 /* TCPStack.swift */,
				8E760ECC213789C200663739 /* TUNInterface.swift */,
				8E760ECD213789C200663739 /* UDPDirectStack.swift */,
			);
			path = IPStack;
			sourceTree = "<group>";
		};
		8E760EBE213789C200663739 /* DNS */ = {
			isa = PBXGroup;
			children = (
				8E760EBF213789C200663739 /* DNSEnums.swift */,
				8E760EC0213789C200663739 /* DNSMessage.swift */,
				8E760EC1213789C200663739 /* DNSResolver.swift */,
				8E760EC2213789C200663739 /* DNSServer.swift */,
				8E760EC3213789C200663739 /* DNSSession.swift */,
			);
			path = DNS;
			sourceTree = "<group>";
		};
		8E760EC5213789C200663739 /* Packet */ = {
			isa = PBXGroup;
			children = (
				8E760EC6213789C200663739 /* IPMutablePacket.swift */,
				8E760EC7213789C200663739 /* IPPacket.swift */,
				8E760EC8213789C200663739 /* PacketProtocolParser.swift */,
				8E760EC9213789C200663739 /* TCPMutablePacket.swift */,
			);
			path = Packet;
			sourceTree = "<group>";
		};
		8E760ECE213789C200663739 /* RawSocket */ = {
			isa = PBXGroup;
			children = (
				8E760ECF213789C200663739 /* GCDTCPSocket.swift */,
				8E760ED0213789C200663739 /* NWTCPSocket.swift */,
				8E760ED1213789C200663739 /* NWUDPSocket.swift */,
				8E760ED2213789C200663739 /* RawSocketFactory.swift */,
				8E760ED3213789C200663739 /* RawTCPSocketProtocol.swift */,
				8E760ED4213789C200663739 /* TUNTCPSocket.swift */,
			);
			path = RawSocket;
			sourceTree = "<group>";
		};
		8E760ED5213789C200663739 /* Utils */ = {
			isa = PBXGroup;
			children = (
				8E760ED6213789C200663739 /* Atomic.swift */,
				8E760ED7213789C200663739 /* BinaryDataScanner.swift */,
				8E760ED8213789C200663739 /* Buffer.swift */,
				8E760ED9213789C200663739 /* Checksum.swift */,
				8E760EDA213789C200663739 /* Data.swift */,
				8E760EDB213789C200663739 /* HTTPAuthentication.swift */,
				8E760EDC213789C200663739 /* HTTPStreamScanner.swift */,
				8E760EDD213789C200663739 /* HTTPURL.swift */,
				8E760EDE213789C200663739 /* IPAddress.swift */,
				8E760EDF213789C200663739 /* IPInterval.swift */,
				8E760EE0213789C200663739 /* IPMask.swift */,
				8E760EE1213789C200663739 /* IPPool.swift */,
				8E760EE2213789C200663739 /* IPRange.swift */,
				8E760EE3213789C200663739 /* Port.swift */,
				8E760EE4213789C200663739 /* StreamScanner.swift */,
				8E760EE5213789C200663739 /* UInt128.swift */,
			);
			path = Utils;
			sourceTree = "<group>";
		};
		8E760EE7213789C200663739 /* Socket */ = {
			isa = PBXGroup;
			children = (
				8E760EE8213789C200663739 /* AdapterSocket */,
				8E760F00213789C200663739 /* ProxySocket */,
				8E760F05213789C200663739 /* SocketProtocol.swift */,
			);
			path = Socket;
			sourceTree = "<group>";
		};
		8E760EE8213789C200663739 /* AdapterSocket */ = {
			isa = PBXGroup;
			children = (
				8E760EE9213789C200663739 /* AdapterSocket.swift */,
				8E760EEA213789C200663739 /* DirectAdapter.swift */,
				8E760EEB213789C200663739 /* Factory */,
				8E760EF6213789C200663739 /* HTTPAdapter.swift */,
				8E760EF7213789C200663739 /* RejectAdapter.swift */,
				8E760EF8213789C200663739 /* SecureHTTPAdapter.swift */,
				8E760EF9213789C200663739 /* Shadowsocks */,
				8E760EFE213789C200663739 /* SOCKS5Adapter.swift */,
				8E760EFF213789C200663739 /* SpeedAdapter.swift */,
			);
			path = AdapterSocket;
			sourceTree = "<group>";
		};
		8E760EEB213789C200663739 /* Factory */ = {
			isa = PBXGroup;
			children = (
				8E760EEC213789C200663739 /* AdapterFactory.swift */,
				8E760EED213789C200663739 /* AdapterFactoryManager.swift */,
				8E760EEE213789C200663739 /* AuthenticationServerAdapterFactory.swift */,
				8E760EEF213789C200663739 /* HTTPAdapterFactory.swift */,
				8E760EF0213789C200663739 /* RejectAdapterFactory.swift */,
				8E760EF1213789C200663739 /* SecureHTTPAdapterFactory.swift */,
				8E760EF2213789C200663739 /* ServerAdapterFactory.swift */,
				8E760EF3213789C200663739 /* ShadowsocksAdapterFactory.swift */,
				8E760EF4213789C200663739 /* SOCKS5AdapterFactory.swift */,
				8E760EF5213789C200663739 /* SpeedAdapterFactory.swift */,
			);
			path = Factory;
			sourceTree = "<group>";
		};
		8E760EF9213789C200663739 /* Shadowsocks */ = {
			isa = PBXGroup;
			children = (
				8E760EFA213789C200663739 /* CryptoStreamProcessor.swift */,
				8E760EFB213789C200663739 /* ProtocolObfuscater.swift */,
				8E760EFC213789C200663739 /* ShadowsocksAdapter.swift */,
				8E760EFD213789C200663739 /* StreamObfuscater.swift */,
			);
			path = Shadowsocks;
			sourceTree = "<group>";
		};
		8E760F00213789C200663739 /* ProxySocket */ = {
			isa = PBXGroup;
			children = (
				8E760F01213789C200663739 /* DirectProxySocket.swift */,
				8E760F02213789C200663739 /* HTTPProxySocket.swift */,
				8E760F03213789C200663739 /* ProxySocket.swift */,
				8E760F04213789C200663739 /* SOCKS5ProxySocket.swift */,
			);
			path = ProxySocket;
			sourceTree = "<group>";
		};
		8E760F06213789C200663739 /* Event */ = {
			isa = PBXGroup;
			children = (
				8E760F07213789C200663739 /* DebugObserver.swift */,
				8E760F08213789C200663739 /* Event */,
				8E760F0F213789C200663739 /* Observer.swift */,
				8E760F10213789C200663739 /* ObserverFactory.swift */,
			);
			path = Event;
			sourceTree = "<group>";
		};
		8E760F08213789C200663739 /* Event */ = {
			isa = PBXGroup;
			children = (
				8E760F09213789C200663739 /* AdapterSocketEvent.swift */,
				8E760F0A213789C200663739 /* EventType.swift */,
				8E760F0B213789C200663739 /* ProxyServerEvent.swift */,
				8E760F0C213789C200663739 /* ProxySocketEvent.swift */,
				8E760F0D213789C200663739 /* RuleMatchEvent.swift */,
				8E760F0E213789C200663739 /* TunnelEvent.swift */,
			);
			path = Event;
			sourceTree = "<group>";
		};
/* End PBXGroup section */

/* Begin PBXNativeTarget section */
		09549ABE1DDF3B49000F198C /* PacketTunnel */ = {
			isa = PBXNativeTarget;
			buildConfigurationList = 09549AC91DDF3B4A000F198C /* Build configuration list for PBXNativeTarget "PacketTunnel" */;
			buildPhases = (
				4A9CC1781F99970E006790C7 /* ShellScript */,
				09549ABB1DDF3B49000F198C /* Sources */,
				09549ABC1DDF3B49000F198C /* Frameworks */,
				09549ABD1DDF3B49000F198C /* Resources */,
				09E3FB711DF85E7F001DE158 /* CopyFiles */,
			);
			buildRules = (
			);
			dependencies = (
			);
			name = PacketTunnel;
			productName = PacketTunnel;
			productReference = 09549ABF1DDF3B49000F198C /* PacketTunnel.appex */;
			productType = "com.apple.product-type.app-extension";
		};
		353C0FD71DDF393F00A46EBD /* rabbit */ = {
			isa = PBXNativeTarget;
			buildConfigurationList = 353C0FEA1DDF393F00A46EBD /* Build configuration list for PBXNativeTarget "rabbit" */;
			buildPhases = (
				353C0FD41DDF393F00A46EBD /* Sources */,
				353C0FD51DDF393F00A46EBD /* Frameworks */,
				353C0FD61DDF393F00A46EBD /* Resources */,
				091B62221EDA7F3100FA4D92 /* ShellScript */,
				09549ACC1DDF3B4A000F198C /* Embed App Extensions */,
			);
			buildRules = (
			);
			dependencies = (
				09549AC71DDF3B4A000F198C /* PBXTargetDependency */,
			);
			name = rabbit;
			productName = rabbit;
			productReference = 353C0FD81DDF393F00A46EBD /* rabbit.app */;
			productType = "com.apple.product-type.application";
		};
/* End PBXNativeTarget section */

/* Begin PBXProject section */
		353C0FD01DDF393F00A46EBD /* Project object */ = {
			isa = PBXProject;
			attributes = {
				LastSwiftUpdateCheck = 0810;
				LastUpgradeCheck = 0810;
				ORGANIZATIONNAME = yicheng;
				TargetAttributes = {
					09549ABE1DDF3B49000F198C = {
						CreatedOnToolsVersion = 8.1;
						DevelopmentTeam = 89L232QNLQ;
						LastSwiftMigration = 0810;
						ProvisioningStyle = Automatic;
						SystemCapabilities = {
							com.apple.VPNLite = {
								enabled = 1;
							};
						};
					};
					353C0FD71DDF393F00A46EBD = {
						CreatedOnToolsVersion = 7.3.1;
						DevelopmentTeam = 89L232QNLQ;
						LastSwiftMigration = 0810;
						ProvisioningStyle = Automatic;
						SystemCapabilities = {
							com.apple.VPNLite = {
								enabled = 1;
							};
						};
					};
				};
			};
			buildConfigurationList = 353C0FD31DDF393F00A46EBD /* Build configuration list for PBXProject "rabbit" */;
			compatibilityVersion = "Xcode 3.2";
			developmentRegion = English;
			hasScannedForEncodings = 0;
			knownRegions = (
				en,
				Base,
			);
			mainGroup = 353C0FCF1DDF393F00A46EBD;
			productRefGroup = 353C0FD91DDF393F00A46EBD /* Products */;
			projectDirPath = "";
			projectRoot = "";
			targets = (
				353C0FD71DDF393F00A46EBD /* rabbit */,
				09549ABE1DDF3B49000F198C /* PacketTunnel */,
			);
		};
/* End PBXProject section */

/* Begin PBXResourcesBuildPhase section */
		09549ABD1DDF3B49000F198C /* Resources */ = {
			isa = PBXResourcesBuildPhase;
			buildActionMask = 2147483647;
			files = (
			);
			runOnlyForDeploymentPostprocessing = 0;
		};
		353C0FD61DDF393F00A46EBD /* Resources */ = {
			isa = PBXResourcesBuildPhase;
			buildActionMask = 2147483647;
			files = (
				353C0FE61DDF393F00A46EBD /* LaunchScreen.storyboard in Resources */,
				09A5AD2D1DE0573A00272F7C /* NEKitRule.conf in Resources */,
				353C0FE31DDF393F00A46EBD /* Assets.xcassets in Resources */,
				353C0FE11DDF393F00A46EBD /* Main.storyboard in Resources */,
			);
			runOnlyForDeploymentPostprocessing = 0;
		};
/* End PBXResourcesBuildPhase section */

/* Begin PBXShellScriptBuildPhase section */
		091B62221EDA7F3100FA4D92 /* ShellScript */ = {
			isa = PBXShellScriptBuildPhase;
			buildActionMask = 2147483647;
			files = (
			);
			inputPaths = (
				"$(SRCROOT)/Carthage/Build/iOS/CocoaAsyncSocket.framework",
				"$(SRCROOT)/Carthage/Build/iOS/CocoaLumberjack.framework",
				"$(SRCROOT)/Carthage/Build/iOS/CocoaLumberjackSwift.framework",
				"$(SRCROOT)/Carthage/Build/iOS/lwip.framework",
				"$(SRCROOT)/Carthage/Build/iOS/MMDB.framework",
				"$(SRCROOT)/Carthage/Build/iOS/Sodium.framework",
				"$(SRCROOT)/Carthage/Build/iOS/tun2socks.framework",
				"$(SRCROOT)/Carthage/Build/iOS/Yaml.framework",
				"$(SRCROOT)/Carthage/Build/iOS/Resolver.framework",
			);
			outputPaths = (
			);
			runOnlyForDeploymentPostprocessing = 0;
			shellPath = /bin/sh;
			shellScript = "/usr/local/bin/carthage copy-frameworks\n";
		};
		4A9CC1781F99970E006790C7 /* ShellScript */ = {
			isa = PBXShellScriptBuildPhase;
			buildActionMask = 2147483647;
			files = (
			);
			inputPaths = (
			);
			outputPaths = (
			);
			runOnlyForDeploymentPostprocessing = 0;
			shellPath = /bin/sh;
			shellScript = "if [ ! -e $PROJECT_DIR/Frameworks/$PLATFORM_NAME ] ; then\necho Generating $PROJECT_DIR/Frameworks/$(PLATFORM_NAME)/CommonCrypto.framework\nxcrun -sdk macosx swift ./rabbit/GenerateCommonCryptoModule.swift $PLATFORM_NAME $PROJECT_DIR\nelse\necho Directory exists, skipping generation of $PROJECT_DIR/Frameworks/$(PLATFORM_NAME)/CommonCrypto.framework\nfi";
		};
/* End PBXShellScriptBuildPhase section */

/* Begin PBXSourcesBuildPhase section */
		09549ABB1DDF3B49000F198C /* Sources */ = {
			isa = PBXSourcesBuildPhase;
			buildActionMask = 2147483647;
			files = (
				8E760F1B213789C200663739 /* StreamCryptoProtocol.swift in Sources */,
				8E760F22213789C200663739 /* GCDProxyServer.swift in Sources */,
				8E760F6D213789C200663739 /* DirectProxySocket.swift in Sources */,
				8E760F50213789C200663739 /* IPInterval.swift in Sources */,
				8E760F34213789C200663739 /* DNSMessage.swift in Sources */,
				8E760F28213789C200663739 /* DirectRule.swift in Sources */,
				8E760F4D213789C200663739 /* HTTPStreamScanner.swift in Sources */,
				8E760F2E213789C200663739 /* Rule.swift in Sources */,
				8E760F45213789C200663739 /* RawTCPSocketProtocol.swift in Sources */,
				8E760F1C213789C200663739 /* AdapterFactoryParser.swift in Sources */,
				8E760F5F213789C200663739 /* SecureHTTPAdapterFactory.swift in Sources */,
				8E760F1E213789C200663739 /* RuleParser.swift in Sources */,
				8E760F4F213789C200663739 /* IPAddress.swift in Sources */,
				8E760F3E213789C200663739 /* TCPStack.swift in Sources */,
				8E760F51213789C200663739 /* IPMask.swift in Sources */,
				8E760F65213789C200663739 /* RejectAdapter.swift in Sources */,
				8E760F44213789C200663739 /* RawSocketFactory.swift in Sources */,
				8E760F35213789C200663739 /* DNSResolver.swift in Sources */,
				8E760F29213789C200663739 /* DNSFailRule.swift in Sources */,
				8E760F47213789C200663739 /* Atomic.swift in Sources */,
				8E760F6A213789C200663739 /* StreamObfuscater.swift in Sources */,
				8E760F52213789C200663739 /* IPPool.swift in Sources */,
				8E760F77213789C200663739 /* RuleMatchEvent.swift in Sources */,
				8E760F23213789C200663739 /* GCDSOCKS5ProxyServer.swift in Sources */,
				8E760F62213789C200663739 /* SOCKS5AdapterFactory.swift in Sources */,
				8E760F36213789C200663739 /* DNSServer.swift in Sources */,
				8E760F1D213789C200663739 /* Configuration.swift in Sources */,
				8E760F5A213789C200663739 /* AdapterFactory.swift in Sources */,
				8E760F72213789C200663739 /* DebugObserver.swift in Sources */,
				8E760F3A213789C200663739 /* IPPacket.swift in Sources */,
				8E760F19213789C200663739 /* MD5Hash.swift in Sources */,
				8E760F2A213789C200663739 /* DNSSessionMatchResult.swift in Sources */,
				8E760F3B213789C200663739 /* PacketProtocolParser.swift in Sources */,
				8E760F79213789C200663739 /* Observer.swift in Sources */,
				8E760F70213789C200663739 /* SOCKS5ProxySocket.swift in Sources */,
				8E760F5E213789C200663739 /* RejectAdapterFactory.swift in Sources */,
				8E760F41213789C200663739 /* GCDTCPSocket.swift in Sources */,
				8E760F5C213789C200663739 /* AuthenticationServerAdapterFactory.swift in Sources */,
				8E760F13213789C200663739 /* ResponseGenerator.swift in Sources */,
				8E760F16213789C200663739 /* CryptoHelper.swift in Sources */,
				8E760F46213789C200663739 /* TUNTCPSocket.swift in Sources */,
				8E760F71213789C200663739 /* SocketProtocol.swift in Sources */,
				8E760F15213789C200663739 /* CryptoEnum.swift in Sources */,
				8E760F14213789C200663739 /* CCCrypto.swift in Sources */,
				8E760F6C213789C200663739 /* SpeedAdapter.swift in Sources */,
				8E760F63213789C200663739 /* SpeedAdapterFactory.swift in Sources */,
				8E760F48213789C200663739 /* BinaryDataScanner.swift in Sources */,
				8E760F38213789C200663739 /* IPStackProtocol.swift in Sources */,
				8E760F12213789C200663739 /* GlobalIntializer.swift in Sources */,
				8E760F4B213789C200663739 /* Data.swift in Sources */,
				8E760F11213789C200663739 /* GeoIP.swift in Sources */,
				8E760F59213789C200663739 /* DirectAdapter.swift in Sources */,
				8E760F74213789C200663739 /* EventType.swift in Sources */,
				8E760F20213789C200663739 /* HTTPHeader.swift in Sources */,
				8E760F6E213789C200663739 /* HTTPProxySocket.swift in Sources */,
				8E760F26213789C200663739 /* AllRule.swift in Sources */,
				8E760F40213789C200663739 /* UDPDirectStack.swift in Sources */,
				8E760F64213789C200663739 /* HTTPAdapter.swift in Sources */,
				8E760F18213789C200663739 /* Libsodium.swift in Sources */,
				8E760F78213789C200663739 /* TunnelEvent.swift in Sources */,
				8E760F27213789C200663739 /* CountryRule.swift in Sources */,
				8E760F73213789C200663739 /* AdapterSocketEvent.swift in Sources */,
				8E760F76213789C200663739 /* ProxySocketEvent.swift in Sources */,
				8E760F2B213789C200663739 /* DNSSessionMatchType.swift in Sources */,
				8E760F17213789C200663739 /* HMAC.swift in Sources */,
				8E760F5D213789C200663739 /* HTTPAdapterFactory.swift in Sources */,
				8E760F21213789C200663739 /* GCDHTTPProxyServer.swift in Sources */,
				8E760F30213789C200663739 /* QueueFactory.swift in Sources */,
				8E760F57213789C200663739 /* Utils.swift in Sources */,
				8E760F56213789C200663739 /* UInt128.swift in Sources */,
				8E760F24213789C200663739 /* ProxyServer.swift in Sources */,
				8E760F54213789C200663739 /* Port.swift in Sources */,
				8E760F58213789C200663739 /* AdapterSocket.swift in Sources */,
				8E760F6B213789C200663739 /* SOCKS5Adapter.swift in Sources */,
				8E760F68213789C200663739 /* ProtocolObfuscater.swift in Sources */,
				8E760F2D213789C200663739 /* IPRangeListRule.swift in Sources */,
				8E760F31213789C200663739 /* Tunnel.swift in Sources */,
				8E760F43213789C200663739 /* NWUDPSocket.swift in Sources */,
				8E760F3F213789C200663739 /* TUNInterface.swift in Sources */,
				8E760F5B213789C200663739 /* AdapterFactoryManager.swift in Sources */,
				8E760F55213789C200663739 /* StreamScanner.swift in Sources */,
				8E760F49213789C200663739 /* Buffer.swift in Sources */,
				8E760F66213789C200663739 /* SecureHTTPAdapter.swift in Sources */,
				8E760F1F213789C200663739 /* ConnectSession.swift in Sources */,
				8E760F2C213789C200663739 /* DomainListRule.swift in Sources */,
				8E760F75213789C200663739 /* ProxyServerEvent.swift in Sources */,
				8E760F60213789C200663739 /* ServerAdapterFactory.swift in Sources */,
				8E760F4C213789C200663739 /* HTTPAuthentication.swift in Sources */,
				8E760F25213789C200663739 /* ResponseGeneratorFactory.swift in Sources */,
				8E760F53213789C200663739 /* IPRange.swift in Sources */,
				8E760F61213789C200663739 /* ShadowsocksAdapterFactory.swift in Sources */,
				8E760F4E213789C200663739 /* HTTPURL.swift in Sources */,
				09549AC41DDF3B4A000F198C /* PacketTunnelProvider.swift in Sources */,
				8E760F42213789C200663739 /* NWTCPSocket.swift in Sources */,
				8E760F6F213789C200663739 /* ProxySocket.swift in Sources */,
				8E760F1A213789C200663739 /* SodiumStreamCrypto.swift in Sources */,
				8E760F69213789C200663739 /* ShadowsocksAdapter.swift in Sources */,
				8E760F37213789C200663739 /* DNSSession.swift in Sources */,
				8E760F7A213789C200663739 /* ObserverFactory.swift in Sources */,
				8E760F67213789C200663739 /* CryptoStreamProcessor.swift in Sources */,
				8E760F4A213789C200663739 /* Checksum.swift in Sources */,
				8E760F32213789C200663739 /* Opt.swift in Sources */,
				8E760F33213789C200663739 /* DNSEnums.swift in Sources */,
				8E760F2F213789C200663739 /* RuleManager.swift in Sources */,
			);
			runOnlyForDeploymentPostprocessing = 0;
		};
		353C0FD41DDF393F00A46EBD /* Sources */ = {
			isa = PBXSourcesBuildPhase;
			buildActionMask = 2147483647;
			files = (
				0921EE341DDFF8F6006955C6 /* Notifications.swift in Sources */,
				353C0FDE1DDF393F00A46EBD /* HomeViewController.swift in Sources */,
				353C0FDC1DDF393F00A46EBD /* AppDelegate.swift in Sources */,
				0921EE2E1DDFE986006955C6 /* VpnManager.swift in Sources */,
				0970F9371DE0039F003391DF /* UIView+CornerRadius.swift in Sources */,
			);
			runOnlyForDeploymentPostprocessing = 0;
		};
/* End PBXSourcesBuildPhase section */

/* Begin PBXTargetDependency section */
		09549AC71DDF3B4A000F198C /* PBXTargetDependency */ = {
			isa = PBXTargetDependency;
			target = 09549ABE1DDF3B49000F198C /* PacketTunnel */;
			targetProxy = 09549AC61DDF3B4A000F198C /* PBXContainerItemProxy */;
		};
/* End PBXTargetDependency section */

/* Begin PBXVariantGroup section */
		353C0FDF1DDF393F00A46EBD /* Main.storyboard */ = {
			isa = PBXVariantGroup;
			children = (
				353C0FE01DDF393F00A46EBD /* Base */,
			);
			name = Main.storyboard;
			sourceTree = "<group>";
		};
		353C0FE41DDF393F00A46EBD /* LaunchScreen.storyboard */ = {
			isa = PBXVariantGroup;
			children = (
				353C0FE51DDF393F00A46EBD /* Base */,
			);
			name = LaunchScreen.storyboard;
			sourceTree = "<group>";
		};
/* End PBXVariantGroup section */

/* Begin XCBuildConfiguration section */
		09549ACA1DDF3B4A000F198C /* Debug */ = {
			isa = XCBuildConfiguration;
			buildSettings = {
				CLANG_WARN_DOCUMENTATION_COMMENTS = YES;
				CLANG_WARN_INFINITE_RECURSION = YES;
				CLANG_WARN_SUSPICIOUS_MOVES = YES;
				CODE_SIGN_ENTITLEMENTS = PacketTunnel/PacketTunnel.entitlements;
				CODE_SIGN_IDENTITY = "iPhone Developer";
				CODE_SIGN_STYLE = Automatic;
				DEVELOPMENT_TEAM = 89L232QNLQ;
				FRAMEWORK_SEARCH_PATHS = (
					"$(inherited)",
					"$(PROJECT_DIR)/Carthage/Build/iOS",
				);
				INFOPLIST_FILE = PacketTunnel/Info.plist;
				IPHONEOS_DEPLOYMENT_TARGET = 10.1;
				LD_RUNPATH_SEARCH_PATHS = "$(inherited) @executable_path/Frameworks @executable_path/../../Frameworks";
				PRODUCT_BUNDLE_IDENTIFIER = com.spring.rabbitfork.PacketTunnel;
				PRODUCT_NAME = "$(TARGET_NAME)";
				PROVISIONING_PROFILE = "";
				PROVISIONING_PROFILE_SPECIFIER = "";
				SKIP_INSTALL = YES;
				SWIFT_ACTIVE_COMPILATION_CONDITIONS = DEBUG;
				SWIFT_VERSION = 4.0;
			};
			name = Debug;
		};
		09549ACB1DDF3B4A000F198C /* Release */ = {
			isa = XCBuildConfiguration;
			buildSettings = {
				CLANG_WARN_DOCUMENTATION_COMMENTS = YES;
				CLANG_WARN_INFINITE_RECURSION = YES;
				CLANG_WARN_SUSPICIOUS_MOVES = YES;
				CODE_SIGN_ENTITLEMENTS = PacketTunnel/PacketTunnel.entitlements;
				CODE_SIGN_IDENTITY = "iPhone Developer";
				CODE_SIGN_STYLE = Automatic;
				DEVELOPMENT_TEAM = 89L232QNLQ;
				FRAMEWORK_SEARCH_PATHS = (
					"$(inherited)",
					"$(PROJECT_DIR)/Carthage/Build/iOS",
				);
				INFOPLIST_FILE = PacketTunnel/Info.plist;
				IPHONEOS_DEPLOYMENT_TARGET = 10.1;
				LD_RUNPATH_SEARCH_PATHS = "$(inherited) @executable_path/Frameworks @executable_path/../../Frameworks";
				PRODUCT_BUNDLE_IDENTIFIER = com.spring.rabbitfork.PacketTunnel;
				PRODUCT_NAME = "$(TARGET_NAME)";
				PROVISIONING_PROFILE = "";
				PROVISIONING_PROFILE_SPECIFIER = "";
				SKIP_INSTALL = YES;
				SWIFT_OPTIMIZATION_LEVEL = "-Owholemodule";
				SWIFT_VERSION = 4.0;
			};
			name = Release;
		};
		353C0FE81DDF393F00A46EBD /* Debug */ = {
			isa = XCBuildConfiguration;
			buildSettings = {
				ALWAYS_SEARCH_USER_PATHS = NO;
				CLANG_ANALYZER_NONNULL = YES;
				CLANG_CXX_LANGUAGE_STANDARD = "gnu++0x";
				CLANG_CXX_LIBRARY = "libc++";
				CLANG_ENABLE_MODULES = YES;
				CLANG_ENABLE_OBJC_ARC = YES;
				CLANG_WARN_BOOL_CONVERSION = YES;
				CLANG_WARN_CONSTANT_CONVERSION = YES;
				CLANG_WARN_DIRECT_OBJC_ISA_USAGE = YES_ERROR;
				CLANG_WARN_EMPTY_BODY = YES;
				CLANG_WARN_ENUM_CONVERSION = YES;
				CLANG_WARN_INFINITE_RECURSION = YES;
				CLANG_WARN_INT_CONVERSION = YES;
				CLANG_WARN_OBJC_ROOT_CLASS = YES_ERROR;
				CLANG_WARN_SUSPICIOUS_MOVE = YES;
				CLANG_WARN_UNREACHABLE_CODE = YES;
				CLANG_WARN__DUPLICATE_METHOD_MATCH = YES;
				"CODE_SIGN_IDENTITY[sdk=iphoneos*]" = "iPhone Developer";
				COPY_PHASE_STRIP = NO;
				DEBUG_INFORMATION_FORMAT = dwarf;
				ENABLE_STRICT_OBJC_MSGSEND = YES;
				ENABLE_TESTABILITY = YES;
				GCC_C_LANGUAGE_STANDARD = gnu99;
				GCC_DYNAMIC_NO_PIC = NO;
				GCC_NO_COMMON_BLOCKS = YES;
				GCC_OPTIMIZATION_LEVEL = 0;
				GCC_PREPROCESSOR_DEFINITIONS = (
					"DEBUG=1",
					"$(inherited)",
				);
				GCC_WARN_64_TO_32_BIT_CONVERSION = YES;
				GCC_WARN_ABOUT_RETURN_TYPE = YES_ERROR;
				GCC_WARN_UNDECLARED_SELECTOR = YES;
				GCC_WARN_UNINITIALIZED_AUTOS = YES_AGGRESSIVE;
				GCC_WARN_UNUSED_FUNCTION = YES;
				GCC_WARN_UNUSED_VARIABLE = YES;
				IPHONEOS_DEPLOYMENT_TARGET = 9.3;
				MTL_ENABLE_DEBUG_INFO = YES;
				ONLY_ACTIVE_ARCH = YES;
				SDKROOT = iphoneos;
				SWIFT_OPTIMIZATION_LEVEL = "-Onone";
				TARGETED_DEVICE_FAMILY = "1,2";
			};
			name = Debug;
		};
		353C0FE91DDF393F00A46EBD /* Release */ = {
			isa = XCBuildConfiguration;
			buildSettings = {
				ALWAYS_SEARCH_USER_PATHS = NO;
				CLANG_ANALYZER_NONNULL = YES;
				CLANG_CXX_LANGUAGE_STANDARD = "gnu++0x";
				CLANG_CXX_LIBRARY = "libc++";
				CLANG_ENABLE_MODULES = YES;
				CLANG_ENABLE_OBJC_ARC = YES;
				CLANG_WARN_BOOL_CONVERSION = YES;
				CLANG_WARN_CONSTANT_CONVERSION = YES;
				CLANG_WARN_DIRECT_OBJC_ISA_USAGE = YES_ERROR;
				CLANG_WARN_EMPTY_BODY = YES;
				CLANG_WARN_ENUM_CONVERSION = YES;
				CLANG_WARN_INFINITE_RECURSION = YES;
				CLANG_WARN_INT_CONVERSION = YES;
				CLANG_WARN_OBJC_ROOT_CLASS = YES_ERROR;
				CLANG_WARN_SUSPICIOUS_MOVE = YES;
				CLANG_WARN_UNREACHABLE_CODE = YES;
				CLANG_WARN__DUPLICATE_METHOD_MATCH = YES;
				"CODE_SIGN_IDENTITY[sdk=iphoneos*]" = "iPhone Developer";
				COPY_PHASE_STRIP = NO;
				DEBUG_INFORMATION_FORMAT = "dwarf-with-dsym";
				ENABLE_NS_ASSERTIONS = NO;
				ENABLE_STRICT_OBJC_MSGSEND = YES;
				GCC_C_LANGUAGE_STANDARD = gnu99;
				GCC_NO_COMMON_BLOCKS = YES;
				GCC_WARN_64_TO_32_BIT_CONVERSION = YES;
				GCC_WARN_ABOUT_RETURN_TYPE = YES_ERROR;
				GCC_WARN_UNDECLARED_SELECTOR = YES;
				GCC_WARN_UNINITIALIZED_AUTOS = YES_AGGRESSIVE;
				GCC_WARN_UNUSED_FUNCTION = YES;
				GCC_WARN_UNUSED_VARIABLE = YES;
				IPHONEOS_DEPLOYMENT_TARGET = 9.3;
				MTL_ENABLE_DEBUG_INFO = NO;
				SDKROOT = iphoneos;
				SWIFT_OPTIMIZATION_LEVEL = "-Owholemodule";
				TARGETED_DEVICE_FAMILY = "1,2";
				VALIDATE_PRODUCT = YES;
			};
			name = Release;
		};
		353C0FEB1DDF393F00A46EBD /* Debug */ = {
			isa = XCBuildConfiguration;
			buildSettings = {
				ALWAYS_EMBED_SWIFT_STANDARD_LIBRARIES = YES;
				ASSETCATALOG_COMPILER_APPICON_NAME = AppIcon;
				CODE_SIGN_ENTITLEMENTS = rabbit/rabbit.entitlements;
				"CODE_SIGN_IDENTITY[sdk=iphoneos*]" = "iPhone Developer";
				DEVELOPMENT_TEAM = 89L232QNLQ;
				INFOPLIST_FILE = rabbit/Info.plist;
				LD_RUNPATH_SEARCH_PATHS = "$(inherited) @executable_path/Frameworks";
				PRODUCT_BUNDLE_IDENTIFIER = com.spring.rabbitfork;
				PRODUCT_NAME = "$(TARGET_NAME)";
				PROVISIONING_PROFILE = "";
				PROVISIONING_PROFILE_SPECIFIER = "";
				SWIFT_VERSION = 4.0;
			};
			name = Debug;
		};
		353C0FEC1DDF393F00A46EBD /* Release */ = {
			isa = XCBuildConfiguration;
			buildSettings = {
				ALWAYS_EMBED_SWIFT_STANDARD_LIBRARIES = YES;
				ASSETCATALOG_COMPILER_APPICON_NAME = AppIcon;
				CODE_SIGN_ENTITLEMENTS = rabbit/rabbit.entitlements;
				"CODE_SIGN_IDENTITY[sdk=iphoneos*]" = "iPhone Developer";
				DEVELOPMENT_TEAM = 89L232QNLQ;
				INFOPLIST_FILE = rabbit/Info.plist;
				LD_RUNPATH_SEARCH_PATHS = "$(inherited) @executable_path/Frameworks";
				PRODUCT_BUNDLE_IDENTIFIER = com.spring.rabbitfork;
				PRODUCT_NAME = "$(TARGET_NAME)";
				PROVISIONING_PROFILE_SPECIFIER = "";
				SWIFT_VERSION = 4.0;
			};
			name = Release;
		};
/* End XCBuildConfiguration section */

/* Begin XCConfigurationList section */
		09549AC91DDF3B4A000F198C /* Build configuration list for PBXNativeTarget "PacketTunnel" */ = {
			isa = XCConfigurationList;
			buildConfigurations = (
				09549ACA1DDF3B4A000F198C /* Debug */,
				09549ACB1DDF3B4A000F198C /* Release */,
			);
			defaultConfigurationIsVisible = 0;
			defaultConfigurationName = Release;
		};
		353C0FD31DDF393F00A46EBD /* Build configuration list for PBXProject "rabbit" */ = {
			isa = XCConfigurationList;
			buildConfigurations = (
				353C0FE81DDF393F00A46EBD /* Debug */,
				353C0FE91DDF393F00A46EBD /* Release */,
			);
			defaultConfigurationIsVisible = 0;
			defaultConfigurationName = Release;
		};
		353C0FEA1DDF393F00A46EBD /* Build configuration list for PBXNativeTarget "rabbit" */ = {
			isa = XCConfigurationList;
			buildConfigurations = (
				353C0FEB1DDF393F00A46EBD /* Debug */,
				353C0FEC1DDF393F00A46EBD /* Release */,
			);
			defaultConfigurationIsVisible = 0;
			defaultConfigurationName = Release;
		};
/* End XCConfigurationList section */
	};
	rootObject = 353C0FD01DDF393F00A46EBD /* Project object */;
}
